// !$*UTF8*$!
{
	archiveVersion = 1;
	classes = {
	};
	objectVersion = 46;
	objects = {

/* Begin PBXBuildFile section */
		3CADC949B2736BBB3F7B5EF1 /* Pods_RadiumBrowserUITests.framework in Frameworks */ = {isa = PBXBuildFile; fileRef = FDF747E739C5CC832EEFB1A7 /* Pods_RadiumBrowserUITests.framework */; };
		3CDDEBFD7B6642A2FEB0EEA5 /* Pods_RadiumBrowser.framework in Frameworks */ = {isa = PBXBuildFile; fileRef = 283FB330E1E0BA712752A519 /* Pods_RadiumBrowser.framework */; };
		41A567F31E40CB3B00470017 /* AppDelegate.swift in Sources */ = {isa = PBXBuildFile; fileRef = 41A567F21E40CB3B00470017 /* AppDelegate.swift */; };
		41A567F81E40CB3B00470017 /* Main.storyboard in Resources */ = {isa = PBXBuildFile; fileRef = 41A567F61E40CB3B00470017 /* Main.storyboard */; };
		41A567FA1E40CB3B00470017 /* Assets.xcassets in Resources */ = {isa = PBXBuildFile; fileRef = 41A567F91E40CB3B00470017 /* Assets.xcassets */; };
		41A567FD1E40CB3B00470017 /* LaunchScreen.storyboard in Resources */ = {isa = PBXBuildFile; fileRef = 41A567FB1E40CB3B00470017 /* LaunchScreen.storyboard */; };
		41A568081E40CB3B00470017 /* RadiumBrowserTests.swift in Sources */ = {isa = PBXBuildFile; fileRef = 41A568071E40CB3B00470017 /* RadiumBrowserTests.swift */; };
		41A568131E40CB3B00470017 /* RadiumBrowserUITests.swift in Sources */ = {isa = PBXBuildFile; fileRef = 41A568121E40CB3B00470017 /* RadiumBrowserUITests.swift */; };
		41DBC5EF1E411AE900913FAA /* MainViewController.swift in Sources */ = {isa = PBXBuildFile; fileRef = 41DBC5EE1E411AE900913FAA /* MainViewController.swift */; };
		41DBC5F11E411B8B00913FAA /* AddressBar.swift in Sources */ = {isa = PBXBuildFile; fileRef = 41DBC5F01E411B8B00913FAA /* AddressBar.swift */; };
		41DBC5F31E411C7A00913FAA /* SharedConfig.swift in Sources */ = {isa = PBXBuildFile; fileRef = 41DBC5F21E411C7A00913FAA /* SharedConfig.swift */; };
		41DBC5F51E41204300913FAA /* SharedTextField.swift in Sources */ = {isa = PBXBuildFile; fileRef = 41DBC5F41E41204300913FAA /* SharedTextField.swift */; };
		41DBC5FA1E412C8400913FAA /* TabContainerView.swift in Sources */ = {isa = PBXBuildFile; fileRef = 41DBC5F91E412C8400913FAA /* TabContainerView.swift */; };
		41DBC5FC1E412CA500913FAA /* TabView.swift in Sources */ = {isa = PBXBuildFile; fileRef = 41DBC5FB1E412CA500913FAA /* TabView.swift */; };
		41DBC5FE1E412F0A00913FAA /* UIViewExtensions.swift in Sources */ = {isa = PBXBuildFile; fileRef = 41DBC5FD1E412F0A00913FAA /* UIViewExtensions.swift */; };
		B044BD60EEF573A933285FB5 /* Pods_RadiumBrowserTests.framework in Frameworks */ = {isa = PBXBuildFile; fileRef = BF7E37CD5794D1D23AADA22B /* Pods_RadiumBrowserTests.framework */; };
/* End PBXBuildFile section */

/* Begin PBXContainerItemProxy section */
		41A568041E40CB3B00470017 /* PBXContainerItemProxy */ = {
			isa = PBXContainerItemProxy;
			containerPortal = 41A567E71E40CB3A00470017 /* Project object */;
			proxyType = 1;
			remoteGlobalIDString = 41A567EE1E40CB3B00470017;
			remoteInfo = RadiumBrowser;
		};
		41A5680F1E40CB3B00470017 /* PBXContainerItemProxy */ = {
			isa = PBXContainerItemProxy;
			containerPortal = 41A567E71E40CB3A00470017 /* Project object */;
			proxyType = 1;
			remoteGlobalIDString = 41A567EE1E40CB3B00470017;
			remoteInfo = RadiumBrowser;
		};
/* End PBXContainerItemProxy section */

/* Begin PBXFileReference section */
		0B353FD7BD9E780C914BBF1B /* Pods-RadiumBrowser.release.xcconfig */ = {isa = PBXFileReference; includeInIndex = 1; lastKnownFileType = text.xcconfig; name = "Pods-RadiumBrowser.release.xcconfig"; path = "Pods/Target Support Files/Pods-RadiumBrowser/Pods-RadiumBrowser.release.xcconfig"; sourceTree = "<group>"; };
		13D2A99460A62596A30DA13C /* Pods-RadiumBrowserTests.debug.xcconfig */ = {isa = PBXFileReference; includeInIndex = 1; lastKnownFileType = text.xcconfig; name = "Pods-RadiumBrowserTests.debug.xcconfig"; path = "Pods/Target Support Files/Pods-RadiumBrowserTests/Pods-RadiumBrowserTests.debug.xcconfig"; sourceTree = "<group>"; };
		1D2F335FDE500B6A311FB334 /* Pods-RadiumBrowserUITests.release.xcconfig */ = {isa = PBXFileReference; includeInIndex = 1; lastKnownFileType = text.xcconfig; name = "Pods-RadiumBrowserUITests.release.xcconfig"; path = "Pods/Target Support Files/Pods-RadiumBrowserUITests/Pods-RadiumBrowserUITests.release.xcconfig"; sourceTree = "<group>"; };
		283FB330E1E0BA712752A519 /* Pods_RadiumBrowser.framework */ = {isa = PBXFileReference; explicitFileType = wrapper.framework; includeInIndex = 0; path = Pods_RadiumBrowser.framework; sourceTree = BUILT_PRODUCTS_DIR; };
		41A567EF1E40CB3B00470017 /* RadiumBrowser.app */ = {isa = PBXFileReference; explicitFileType = wrapper.application; includeInIndex = 0; path = RadiumBrowser.app; sourceTree = BUILT_PRODUCTS_DIR; };
		41A567F21E40CB3B00470017 /* AppDelegate.swift */ = {isa = PBXFileReference; lastKnownFileType = sourcecode.swift; path = AppDelegate.swift; sourceTree = "<group>"; };
		41A567F71E40CB3B00470017 /* Base */ = {isa = PBXFileReference; lastKnownFileType = file.storyboard; name = Base; path = Base.lproj/Main.storyboard; sourceTree = "<group>"; };
		41A567F91E40CB3B00470017 /* Assets.xcassets */ = {isa = PBXFileReference; lastKnownFileType = folder.assetcatalog; path = Assets.xcassets; sourceTree = "<group>"; };
		41A567FC1E40CB3B00470017 /* Base */ = {isa = PBXFileReference; lastKnownFileType = file.storyboard; name = Base; path = Base.lproj/LaunchScreen.storyboard; sourceTree = "<group>"; };
		41A567FE1E40CB3B00470017 /* Info.plist */ = {isa = PBXFileReference; lastKnownFileType = text.plist.xml; path = Info.plist; sourceTree = "<group>"; };
		41A568031E40CB3B00470017 /* RadiumBrowserTests.xctest */ = {isa = PBXFileReference; explicitFileType = wrapper.cfbundle; includeInIndex = 0; path = RadiumBrowserTests.xctest; sourceTree = BUILT_PRODUCTS_DIR; };
		41A568071E40CB3B00470017 /* RadiumBrowserTests.swift */ = {isa = PBXFileReference; lastKnownFileType = sourcecode.swift; path = RadiumBrowserTests.swift; sourceTree = "<group>"; };
		41A568091E40CB3B00470017 /* Info.plist */ = {isa = PBXFileReference; lastKnownFileType = text.plist.xml; path = Info.plist; sourceTree = "<group>"; };
		41A5680E1E40CB3B00470017 /* RadiumBrowserUITests.xctest */ = {isa = PBXFileReference; explicitFileType = wrapper.cfbundle; includeInIndex = 0; path = RadiumBrowserUITests.xctest; sourceTree = BUILT_PRODUCTS_DIR; };
		41A568121E40CB3B00470017 /* RadiumBrowserUITests.swift */ = {isa = PBXFileReference; lastKnownFileType = sourcecode.swift; path = RadiumBrowserUITests.swift; sourceTree = "<group>"; };
		41A568141E40CB3B00470017 /* Info.plist */ = {isa = PBXFileReference; lastKnownFileType = text.plist.xml; path = Info.plist; sourceTree = "<group>"; };
		41DBC5EE1E411AE900913FAA /* MainViewController.swift */ = {isa = PBXFileReference; fileEncoding = 4; lastKnownFileType = sourcecode.swift; path = MainViewController.swift; sourceTree = "<group>"; };
		41DBC5F01E411B8B00913FAA /* AddressBar.swift */ = {isa = PBXFileReference; fileEncoding = 4; lastKnownFileType = sourcecode.swift; path = AddressBar.swift; sourceTree = "<group>"; };
		41DBC5F21E411C7A00913FAA /* SharedConfig.swift */ = {isa = PBXFileReference; fileEncoding = 4; lastKnownFileType = sourcecode.swift; path = SharedConfig.swift; sourceTree = "<group>"; };
		41DBC5F41E41204300913FAA /* SharedTextField.swift */ = {isa = PBXFileReference; fileEncoding = 4; lastKnownFileType = sourcecode.swift; path = SharedTextField.swift; sourceTree = "<group>"; };
		41DBC5F91E412C8400913FAA /* TabContainerView.swift */ = {isa = PBXFileReference; fileEncoding = 4; lastKnownFileType = sourcecode.swift; path = TabContainerView.swift; sourceTree = "<group>"; };
		41DBC5FB1E412CA500913FAA /* TabView.swift */ = {isa = PBXFileReference; fileEncoding = 4; lastKnownFileType = sourcecode.swift; path = TabView.swift; sourceTree = "<group>"; };
		41DBC5FD1E412F0A00913FAA /* UIViewExtensions.swift */ = {isa = PBXFileReference; fileEncoding = 4; lastKnownFileType = sourcecode.swift; path = UIViewExtensions.swift; sourceTree = "<group>"; };
		80BEA28035EFA3995BFC3E99 /* Pods-RadiumBrowserTests.release.xcconfig */ = {isa = PBXFileReference; includeInIndex = 1; lastKnownFileType = text.xcconfig; name = "Pods-RadiumBrowserTests.release.xcconfig"; path = "Pods/Target Support Files/Pods-RadiumBrowserTests/Pods-RadiumBrowserTests.release.xcconfig"; sourceTree = "<group>"; };
		BDE218EB2213DB9F87485559 /* Pods-RadiumBrowser.debug.xcconfig */ = {isa = PBXFileReference; includeInIndex = 1; lastKnownFileType = text.xcconfig; name = "Pods-RadiumBrowser.debug.xcconfig"; path = "Pods/Target Support Files/Pods-RadiumBrowser/Pods-RadiumBrowser.debug.xcconfig"; sourceTree = "<group>"; };
		BF7E37CD5794D1D23AADA22B /* Pods_RadiumBrowserTests.framework */ = {isa = PBXFileReference; explicitFileType = wrapper.framework; includeInIndex = 0; path = Pods_RadiumBrowserTests.framework; sourceTree = BUILT_PRODUCTS_DIR; };
		D92DE2BAD673DF3206841524 /* Pods-RadiumBrowserUITests.debug.xcconfig */ = {isa = PBXFileReference; includeInIndex = 1; lastKnownFileType = text.xcconfig; name = "Pods-RadiumBrowserUITests.debug.xcconfig"; path = "Pods/Target Support Files/Pods-RadiumBrowserUITests/Pods-RadiumBrowserUITests.debug.xcconfig"; sourceTree = "<group>"; };
		FDF747E739C5CC832EEFB1A7 /* Pods_RadiumBrowserUITests.framework */ = {isa = PBXFileReference; explicitFileType = wrapper.framework; includeInIndex = 0; path = Pods_RadiumBrowserUITests.framework; sourceTree = BUILT_PRODUCTS_DIR; };
/* End PBXFileReference section */

/* Begin PBXFrameworksBuildPhase section */
		41A567EC1E40CB3B00470017 /* Frameworks */ = {
			isa = PBXFrameworksBuildPhase;
			buildActionMask = 2147483647;
			files = (
				3CDDEBFD7B6642A2FEB0EEA5 /* Pods_RadiumBrowser.framework in Frameworks */,
			);
			runOnlyForDeploymentPostprocessing = 0;
		};
		41A568001E40CB3B00470017 /* Frameworks */ = {
			isa = PBXFrameworksBuildPhase;
			buildActionMask = 2147483647;
			files = (
				B044BD60EEF573A933285FB5 /* Pods_RadiumBrowserTests.framework in Frameworks */,
			);
			runOnlyForDeploymentPostprocessing = 0;
		};
		41A5680B1E40CB3B00470017 /* Frameworks */ = {
			isa = PBXFrameworksBuildPhase;
			buildActionMask = 2147483647;
			files = (
				3CADC949B2736BBB3F7B5EF1 /* Pods_RadiumBrowserUITests.framework in Frameworks */,
			);
			runOnlyForDeploymentPostprocessing = 0;
		};
/* End PBXFrameworksBuildPhase section */

/* Begin PBXGroup section */
		30F71CDE5CA2D69D8F2BBBCB /* Frameworks */ = {
			isa = PBXGroup;
			children = (
				283FB330E1E0BA712752A519 /* Pods_RadiumBrowser.framework */,
				BF7E37CD5794D1D23AADA22B /* Pods_RadiumBrowserTests.framework */,
				FDF747E739C5CC832EEFB1A7 /* Pods_RadiumBrowserUITests.framework */,
			);
			name = Frameworks;
			sourceTree = "<group>";
		};
		41A567E61E40CB3A00470017 = {
			isa = PBXGroup;
			children = (
				41A567F11E40CB3B00470017 /* RadiumBrowser */,
				41A568061E40CB3B00470017 /* RadiumBrowserTests */,
				41A568111E40CB3B00470017 /* RadiumBrowserUITests */,
				41A567F01E40CB3B00470017 /* Products */,
				B5ADB7E7F0C02E009CB7D000 /* Pods */,
				30F71CDE5CA2D69D8F2BBBCB /* Frameworks */,
			);
			sourceTree = "<group>";
		};
		41A567F01E40CB3B00470017 /* Products */ = {
			isa = PBXGroup;
			children = (
				41A567EF1E40CB3B00470017 /* RadiumBrowser.app */,
				41A568031E40CB3B00470017 /* RadiumBrowserTests.xctest */,
				41A5680E1E40CB3B00470017 /* RadiumBrowserUITests.xctest */,
			);
			name = Products;
			sourceTree = "<group>";
		};
		41A567F11E40CB3B00470017 /* RadiumBrowser */ = {
			isa = PBXGroup;
			children = (
				41A567F21E40CB3B00470017 /* AppDelegate.swift */,
				41A567F61E40CB3B00470017 /* Main.storyboard */,
				41A567F91E40CB3B00470017 /* Assets.xcassets */,
				41A567FB1E40CB3B00470017 /* LaunchScreen.storyboard */,
				41A567FE1E40CB3B00470017 /* Info.plist */,
				41DBC5F21E411C7A00913FAA /* SharedConfig.swift */,
				41DBC5FF1E412F1900913FAA /* Extensions */,
				41DBC5F61E4123C200913FAA /* Controllers */,
				41DBC5F71E4123E900913FAA /* Main Views */,
				41DBC5F81E41241700913FAA /* Shared UI */,
			);
			path = RadiumBrowser;
			sourceTree = "<group>";
		};
		41A568061E40CB3B00470017 /* RadiumBrowserTests */ = {
			isa = PBXGroup;
			children = (
				41A568071E40CB3B00470017 /* RadiumBrowserTests.swift */,
				41A568091E40CB3B00470017 /* Info.plist */,
			);
			path = RadiumBrowserTests;
			sourceTree = "<group>";
		};
		41A568111E40CB3B00470017 /* RadiumBrowserUITests */ = {
			isa = PBXGroup;
			children = (
				41A568121E40CB3B00470017 /* RadiumBrowserUITests.swift */,
				41A568141E40CB3B00470017 /* Info.plist */,
			);
			path = RadiumBrowserUITests;
			sourceTree = "<group>";
		};
		41DBC5F61E4123C200913FAA /* Controllers */ = {
			isa = PBXGroup;
			children = (
				41DBC5EE1E411AE900913FAA /* MainViewController.swift */,
			);
			name = Controllers;
			sourceTree = "<group>";
		};
		41DBC5F71E4123E900913FAA /* Main Views */ = {
			isa = PBXGroup;
			children = (
				41DBC5F01E411B8B00913FAA /* AddressBar.swift */,
				41DBC5F91E412C8400913FAA /* TabContainerView.swift */,
				41DBC5FB1E412CA500913FAA /* TabView.swift */,
			);
			name = "Main Views";
			sourceTree = "<group>";
		};
		41DBC5F81E41241700913FAA /* Shared UI */ = {
			isa = PBXGroup;
			children = (
				41DBC5F41E41204300913FAA /* SharedTextField.swift */,
			);
			name = "Shared UI";
			sourceTree = "<group>";
		};
		41DBC5FF1E412F1900913FAA /* Extensions */ = {
			isa = PBXGroup;
			children = (
				41DBC5FD1E412F0A00913FAA /* UIViewExtensions.swift */,
			);
			name = Extensions;
			sourceTree = "<group>";
		};
		B5ADB7E7F0C02E009CB7D000 /* Pods */ = {
			isa = PBXGroup;
			children = (
				BDE218EB2213DB9F87485559 /* Pods-RadiumBrowser.debug.xcconfig */,
				0B353FD7BD9E780C914BBF1B /* Pods-RadiumBrowser.release.xcconfig */,
				13D2A99460A62596A30DA13C /* Pods-RadiumBrowserTests.debug.xcconfig */,
				80BEA28035EFA3995BFC3E99 /* Pods-RadiumBrowserTests.release.xcconfig */,
				D92DE2BAD673DF3206841524 /* Pods-RadiumBrowserUITests.debug.xcconfig */,
				1D2F335FDE500B6A311FB334 /* Pods-RadiumBrowserUITests.release.xcconfig */,
			);
			name = Pods;
			sourceTree = "<group>";
		};
/* End PBXGroup section */

/* Begin PBXNativeTarget section */
		41A567EE1E40CB3B00470017 /* RadiumBrowser */ = {
			isa = PBXNativeTarget;
			buildConfigurationList = 41A568171E40CB3B00470017 /* Build configuration list for PBXNativeTarget "RadiumBrowser" */;
			buildPhases = (
				3D375997CFBE5F1931B0F071 /* [CP] Check Pods Manifest.lock */,
				41A567EB1E40CB3B00470017 /* Sources */,
				41A567EC1E40CB3B00470017 /* Frameworks */,
				41A567ED1E40CB3B00470017 /* Resources */,
				0D92E7E4CC75F3083E69A7E1 /* [CP] Embed Pods Frameworks */,
				419FF25D481F65992713A832 /* [CP] Copy Pods Resources */,
			);
			buildRules = (
			);
			dependencies = (
			);
			name = RadiumBrowser;
			productName = RadiumBrowser;
			productReference = 41A567EF1E40CB3B00470017 /* RadiumBrowser.app */;
			productType = "com.apple.product-type.application";
		};
		41A568021E40CB3B00470017 /* RadiumBrowserTests */ = {
			isa = PBXNativeTarget;
			buildConfigurationList = 41A5681A1E40CB3B00470017 /* Build configuration list for PBXNativeTarget "RadiumBrowserTests" */;
			buildPhases = (
				E52DE5CA341DD8837EC21E3A /* [CP] Check Pods Manifest.lock */,
				41A567FF1E40CB3B00470017 /* Sources */,
				41A568001E40CB3B00470017 /* Frameworks */,
				41A568011E40CB3B00470017 /* Resources */,
				3BA403C42C1D000E08C620C3 /* [CP] Embed Pods Frameworks */,
				3C204253DFC49AF9C76A38B0 /* [CP] Copy Pods Resources */,
			);
			buildRules = (
			);
			dependencies = (
				41A568051E40CB3B00470017 /* PBXTargetDependency */,
			);
			name = RadiumBrowserTests;
			productName = RadiumBrowserTests;
			productReference = 41A568031E40CB3B00470017 /* RadiumBrowserTests.xctest */;
			productType = "com.apple.product-type.bundle.unit-test";
		};
		41A5680D1E40CB3B00470017 /* RadiumBrowserUITests */ = {
			isa = PBXNativeTarget;
			buildConfigurationList = 41A5681D1E40CB3B00470017 /* Build configuration list for PBXNativeTarget "RadiumBrowserUITests" */;
			buildPhases = (
				92BFE47C4427A1DF6FC44A38 /* [CP] Check Pods Manifest.lock */,
				41A5680A1E40CB3B00470017 /* Sources */,
				41A5680B1E40CB3B00470017 /* Frameworks */,
				41A5680C1E40CB3B00470017 /* Resources */,
				D88F3FC4D5862BD9BDCB047D /* [CP] Embed Pods Frameworks */,
				4E87EDEDD26AB404DDB3A1A1 /* [CP] Copy Pods Resources */,
			);
			buildRules = (
			);
			dependencies = (
				41A568101E40CB3B00470017 /* PBXTargetDependency */,
			);
			name = RadiumBrowserUITests;
			productName = RadiumBrowserUITests;
			productReference = 41A5680E1E40CB3B00470017 /* RadiumBrowserUITests.xctest */;
			productType = "com.apple.product-type.bundle.ui-testing";
		};
/* End PBXNativeTarget section */

/* Begin PBXProject section */
		41A567E71E40CB3A00470017 /* Project object */ = {
			isa = PBXProject;
			attributes = {
				LastSwiftUpdateCheck = 0820;
				LastUpgradeCheck = 0820;
				ORGANIZATIONNAME = bslayter;
				TargetAttributes = {
					41A567EE1E40CB3B00470017 = {
						CreatedOnToolsVersion = 8.2.1;
						ProvisioningStyle = Automatic;
					};
					41A568021E40CB3B00470017 = {
						CreatedOnToolsVersion = 8.2.1;
						ProvisioningStyle = Automatic;
						TestTargetID = 41A567EE1E40CB3B00470017;
					};
					41A5680D1E40CB3B00470017 = {
						CreatedOnToolsVersion = 8.2.1;
						ProvisioningStyle = Automatic;
						TestTargetID = 41A567EE1E40CB3B00470017;
					};
				};
			};
			buildConfigurationList = 41A567EA1E40CB3A00470017 /* Build configuration list for PBXProject "RadiumBrowser" */;
			compatibilityVersion = "Xcode 3.2";
			developmentRegion = English;
			hasScannedForEncodings = 0;
			knownRegions = (
				en,
				Base,
			);
			mainGroup = 41A567E61E40CB3A00470017;
			productRefGroup = 41A567F01E40CB3B00470017 /* Products */;
			projectDirPath = "";
			projectRoot = "";
			targets = (
				41A567EE1E40CB3B00470017 /* RadiumBrowser */,
				41A568021E40CB3B00470017 /* RadiumBrowserTests */,
				41A5680D1E40CB3B00470017 /* RadiumBrowserUITests */,
			);
		};
/* End PBXProject section */

/* Begin PBXResourcesBuildPhase section */
		41A567ED1E40CB3B00470017 /* Resources */ = {
			isa = PBXResourcesBuildPhase;
			buildActionMask = 2147483647;
			files = (
				41A567FD1E40CB3B00470017 /* LaunchScreen.storyboard in Resources */,
				41A567FA1E40CB3B00470017 /* Assets.xcassets in Resources */,
				41A567F81E40CB3B00470017 /* Main.storyboard in Resources */,
			);
			runOnlyForDeploymentPostprocessing = 0;
		};
		41A568011E40CB3B00470017 /* Resources */ = {
			isa = PBXResourcesBuildPhase;
			buildActionMask = 2147483647;
			files = (
			);
			runOnlyForDeploymentPostprocessing = 0;
		};
		41A5680C1E40CB3B00470017 /* Resources */ = {
			isa = PBXResourcesBuildPhase;
			buildActionMask = 2147483647;
			files = (
			);
			runOnlyForDeploymentPostprocessing = 0;
		};
/* End PBXResourcesBuildPhase section */

/* Begin PBXShellScriptBuildPhase section */
		0D92E7E4CC75F3083E69A7E1 /* [CP] Embed Pods Frameworks */ = {
			isa = PBXShellScriptBuildPhase;
			buildActionMask = 2147483647;
			files = (
			);
			inputPaths = (
			);
			name = "[CP] Embed Pods Frameworks";
			outputPaths = (
			);
			runOnlyForDeploymentPostprocessing = 0;
			shellPath = /bin/sh;
			shellScript = "\"${SRCROOT}/Pods/Target Support Files/Pods-RadiumBrowser/Pods-RadiumBrowser-frameworks.sh\"\n";
			showEnvVarsInLog = 0;
		};
		3BA403C42C1D000E08C620C3 /* [CP] Embed Pods Frameworks */ = {
			isa = PBXShellScriptBuildPhase;
			buildActionMask = 2147483647;
			files = (
			);
			inputPaths = (
			);
			name = "[CP] Embed Pods Frameworks";
			outputPaths = (
			);
			runOnlyForDeploymentPostprocessing = 0;
			shellPath = /bin/sh;
			shellScript = "\"${SRCROOT}/Pods/Target Support Files/Pods-RadiumBrowserTests/Pods-RadiumBrowserTests-frameworks.sh\"\n";
			showEnvVarsInLog = 0;
		};
		3C204253DFC49AF9C76A38B0 /* [CP] Copy Pods Resources */ = {
			isa = PBXShellScriptBuildPhase;
			buildActionMask = 2147483647;
			files = (
			);
			inputPaths = (
			);
			name = "[CP] Copy Pods Resources";
			outputPaths = (
			);
			runOnlyForDeploymentPostprocessing = 0;
			shellPath = /bin/sh;
			shellScript = "\"${SRCROOT}/Pods/Target Support Files/Pods-RadiumBrowserTests/Pods-RadiumBrowserTests-resources.sh\"\n";
			showEnvVarsInLog = 0;
		};
		3D375997CFBE5F1931B0F071 /* [CP] Check Pods Manifest.lock */ = {
			isa = PBXShellScriptBuildPhase;
			buildActionMask = 2147483647;
			files = (
			);
			inputPaths = (
			);
			name = "[CP] Check Pods Manifest.lock";
			outputPaths = (
			);
			runOnlyForDeploymentPostprocessing = 0;
			shellPath = /bin/sh;
			shellScript = "diff \"${PODS_ROOT}/../Podfile.lock\" \"${PODS_ROOT}/Manifest.lock\" > /dev/null\nif [ $? != 0 ] ; then\n    # print error to STDERR\n    echo \"error: The sandbox is not in sync with the Podfile.lock. Run 'pod install' or update your CocoaPods installation.\" >&2\n    exit 1\nfi\n";
			showEnvVarsInLog = 0;
		};
		419FF25D481F65992713A832 /* [CP] Copy Pods Resources */ = {
			isa = PBXShellScriptBuildPhase;
			buildActionMask = 2147483647;
			files = (
			);
			inputPaths = (
			);
			name = "[CP] Copy Pods Resources";
			outputPaths = (
			);
			runOnlyForDeploymentPostprocessing = 0;
			shellPath = /bin/sh;
			shellScript = "\"${SRCROOT}/Pods/Target Support Files/Pods-RadiumBrowser/Pods-RadiumBrowser-resources.sh\"\n";
			showEnvVarsInLog = 0;
		};
		4E87EDEDD26AB404DDB3A1A1 /* [CP] Copy Pods Resources */ = {
			isa = PBXShellScriptBuildPhase;
			buildActionMask = 2147483647;
			files = (
			);
			inputPaths = (
			);
			name = "[CP] Copy Pods Resources";
			outputPaths = (
			);
			runOnlyForDeploymentPostprocessing = 0;
			shellPath = /bin/sh;
			shellScript = "\"${SRCROOT}/Pods/Target Support Files/Pods-RadiumBrowserUITests/Pods-RadiumBrowserUITests-resources.sh\"\n";
			showEnvVarsInLog = 0;
		};
		92BFE47C4427A1DF6FC44A38 /* [CP] Check Pods Manifest.lock */ = {
			isa = PBXShellScriptBuildPhase;
			buildActionMask = 2147483647;
			files = (
			);
			inputPaths = (
			);
			name = "[CP] Check Pods Manifest.lock";
			outputPaths = (
			);
			runOnlyForDeploymentPostprocessing = 0;
			shellPath = /bin/sh;
			shellScript = "diff \"${PODS_ROOT}/../Podfile.lock\" \"${PODS_ROOT}/Manifest.lock\" > /dev/null\nif [ $? != 0 ] ; then\n    # print error to STDERR\n    echo \"error: The sandbox is not in sync with the Podfile.lock. Run 'pod install' or update your CocoaPods installation.\" >&2\n    exit 1\nfi\n";
			showEnvVarsInLog = 0;
		};
		D88F3FC4D5862BD9BDCB047D /* [CP] Embed Pods Frameworks */ = {
			isa = PBXShellScriptBuildPhase;
			buildActionMask = 2147483647;
			files = (
			);
			inputPaths = (
			);
			name = "[CP] Embed Pods Frameworks";
			outputPaths = (
			);
			runOnlyForDeploymentPostprocessing = 0;
			shellPath = /bin/sh;
			shellScript = "\"${SRCROOT}/Pods/Target Support Files/Pods-RadiumBrowserUITests/Pods-RadiumBrowserUITests-frameworks.sh\"\n";
			showEnvVarsInLog = 0;
		};
		E52DE5CA341DD8837EC21E3A /* [CP] Check Pods Manifest.lock */ = {
			isa = PBXShellScriptBuildPhase;
			buildActionMask = 2147483647;
			files = (
			);
			inputPaths = (
			);
			name = "[CP] Check Pods Manifest.lock";
			outputPaths = (
			);
			runOnlyForDeploymentPostprocessing = 0;
			shellPath = /bin/sh;
			shellScript = "diff \"${PODS_ROOT}/../Podfile.lock\" \"${PODS_ROOT}/Manifest.lock\" > /dev/null\nif [ $? != 0 ] ; then\n    # print error to STDERR\n    echo \"error: The sandbox is not in sync with the Podfile.lock. Run 'pod install' or update your CocoaPods installation.\" >&2\n    exit 1\nfi\n";
			showEnvVarsInLog = 0;
		};
/* End PBXShellScriptBuildPhase section */

/* Begin PBXSourcesBuildPhase section */
		41A567EB1E40CB3B00470017 /* Sources */ = {
			isa = PBXSourcesBuildPhase;
			buildActionMask = 2147483647;
			files = (
				41DBC5FA1E412C8400913FAA /* TabContainerView.swift in Sources */,
				41DBC5F51E41204300913FAA /* SharedTextField.swift in Sources */,
				41DBC5FE1E412F0A00913FAA /* UIViewExtensions.swift in Sources */,
				41DBC5EF1E411AE900913FAA /* MainViewController.swift in Sources */,
				41DBC5F11E411B8B00913FAA /* AddressBar.swift in Sources */,
				41DBC5FC1E412CA500913FAA /* TabView.swift in Sources */,
				41A567F31E40CB3B00470017 /* AppDelegate.swift in Sources */,
				41DBC5F31E411C7A00913FAA /* SharedConfig.swift in Sources */,
			);
			runOnlyForDeploymentPostprocessing = 0;
		};
		41A567FF1E40CB3B00470017 /* Sources */ = {
			isa = PBXSourcesBuildPhase;
			buildActionMask = 2147483647;
			files = (
				41A568081E40CB3B00470017 /* RadiumBrowserTests.swift in Sources */,
			);
			runOnlyForDeploymentPostprocessing = 0;
		};
		41A5680A1E40CB3B00470017 /* Sources */ = {
			isa = PBXSourcesBuildPhase;
			buildActionMask = 2147483647;
			files = (
				41A568131E40CB3B00470017 /* RadiumBrowserUITests.swift in Sources */,
			);
			runOnlyForDeploymentPostprocessing = 0;
		};
/* End PBXSourcesBuildPhase section */

/* Begin PBXTargetDependency section */
		41A568051E40CB3B00470017 /* PBXTargetDependency */ = {
			isa = PBXTargetDependency;
			target = 41A567EE1E40CB3B00470017 /* RadiumBrowser */;
			targetProxy = 41A568041E40CB3B00470017 /* PBXContainerItemProxy */;
		};
		41A568101E40CB3B00470017 /* PBXTargetDependency */ = {
			isa = PBXTargetDependency;
			target = 41A567EE1E40CB3B00470017 /* RadiumBrowser */;
			targetProxy = 41A5680F1E40CB3B00470017 /* PBXContainerItemProxy */;
		};
/* End PBXTargetDependency section */

/* Begin PBXVariantGroup section */
		41A567F61E40CB3B00470017 /* Main.storyboard */ = {
			isa = PBXVariantGroup;
			children = (
				41A567F71E40CB3B00470017 /* Base */,
			);
			name = Main.storyboard;
			sourceTree = "<group>";
		};
		41A567FB1E40CB3B00470017 /* LaunchScreen.storyboard */ = {
			isa = PBXVariantGroup;
			children = (
				41A567FC1E40CB3B00470017 /* Base */,
			);
			name = LaunchScreen.storyboard;
			sourceTree = "<group>";
		};
/* End PBXVariantGroup section */

/* Begin XCBuildConfiguration section */
		41A568151E40CB3B00470017 /* Debug */ = {
			isa = XCBuildConfiguration;
			buildSettings = {
				ALWAYS_SEARCH_USER_PATHS = NO;
				CLANG_ANALYZER_NONNULL = YES;
				CLANG_CXX_LANGUAGE_STANDARD = "gnu++0x";
				CLANG_CXX_LIBRARY = "libc++";
				CLANG_ENABLE_MODULES = YES;
				CLANG_ENABLE_OBJC_ARC = YES;
				CLANG_WARN_BOOL_CONVERSION = YES;
				CLANG_WARN_CONSTANT_CONVERSION = YES;
				CLANG_WARN_DIRECT_OBJC_ISA_USAGE = YES_ERROR;
				CLANG_WARN_DOCUMENTATION_COMMENTS = YES;
				CLANG_WARN_EMPTY_BODY = YES;
				CLANG_WARN_ENUM_CONVERSION = YES;
				CLANG_WARN_INFINITE_RECURSION = YES;
				CLANG_WARN_INT_CONVERSION = YES;
				CLANG_WARN_OBJC_ROOT_CLASS = YES_ERROR;
				CLANG_WARN_SUSPICIOUS_MOVE = YES;
				CLANG_WARN_UNREACHABLE_CODE = YES;
				CLANG_WARN__DUPLICATE_METHOD_MATCH = YES;
				"CODE_SIGN_IDENTITY[sdk=iphoneos*]" = "iPhone Developer";
				COPY_PHASE_STRIP = NO;
				DEBUG_INFORMATION_FORMAT = dwarf;
				ENABLE_STRICT_OBJC_MSGSEND = YES;
				ENABLE_TESTABILITY = YES;
				GCC_C_LANGUAGE_STANDARD = gnu99;
				GCC_DYNAMIC_NO_PIC = NO;
				GCC_NO_COMMON_BLOCKS = YES;
				GCC_OPTIMIZATION_LEVEL = 0;
				GCC_PREPROCESSOR_DEFINITIONS = (
					"DEBUG=1",
					"$(inherited)",
				);
				GCC_WARN_64_TO_32_BIT_CONVERSION = YES;
				GCC_WARN_ABOUT_RETURN_TYPE = YES_ERROR;
				GCC_WARN_UNDECLARED_SELECTOR = YES;
				GCC_WARN_UNINITIALIZED_AUTOS = YES_AGGRESSIVE;
				GCC_WARN_UNUSED_FUNCTION = YES;
				GCC_WARN_UNUSED_VARIABLE = YES;
				IPHONEOS_DEPLOYMENT_TARGET = 10.2;
				MTL_ENABLE_DEBUG_INFO = YES;
				ONLY_ACTIVE_ARCH = YES;
				SDKROOT = iphoneos;
				SWIFT_ACTIVE_COMPILATION_CONDITIONS = DEBUG;
				SWIFT_OPTIMIZATION_LEVEL = "-Onone";
				TARGETED_DEVICE_FAMILY = "1,2";
			};
			name = Debug;
		};
		41A568161E40CB3B00470017 /* Release */ = {
			isa = XCBuildConfiguration;
			buildSettings = {
				ALWAYS_SEARCH_USER_PATHS = NO;
				CLANG_ANALYZER_NONNULL = YES;
				CLANG_CXX_LANGUAGE_STANDARD = "gnu++0x";
				CLANG_CXX_LIBRARY = "libc++";
				CLANG_ENABLE_MODULES = YES;
				CLANG_ENABLE_OBJC_ARC = YES;
				CLANG_WARN_BOOL_CONVERSION = YES;
				CLANG_WARN_CONSTANT_CONVERSION = YES;
				CLANG_WARN_DIRECT_OBJC_ISA_USAGE = YES_ERROR;
				CLANG_WARN_DOCUMENTATION_COMMENTS = YES;
				CLANG_WARN_EMPTY_BODY = YES;
				CLANG_WARN_ENUM_CONVERSION = YES;
				CLANG_WARN_INFINITE_RECURSION = YES;
				CLANG_WARN_INT_CONVERSION = YES;
				CLANG_WARN_OBJC_ROOT_CLASS = YES_ERROR;
				CLANG_WARN_SUSPICIOUS_MOVE = YES;
				CLANG_WARN_UNREACHABLE_CODE = YES;
				CLANG_WARN__DUPLICATE_METHOD_MATCH = YES;
				"CODE_SIGN_IDENTITY[sdk=iphoneos*]" = "iPhone Developer";
				COPY_PHASE_STRIP = NO;
				DEBUG_INFORMATION_FORMAT = "dwarf-with-dsym";
				ENABLE_NS_ASSERTIONS = NO;
				ENABLE_STRICT_OBJC_MSGSEND = YES;
				GCC_C_LANGUAGE_STANDARD = gnu99;
				GCC_NO_COMMON_BLOCKS = YES;
				GCC_WARN_64_TO_32_BIT_CONVERSION = YES;
				GCC_WARN_ABOUT_RETURN_TYPE = YES_ERROR;
				GCC_WARN_UNDECLARED_SELECTOR = YES;
				GCC_WARN_UNINITIALIZED_AUTOS = YES_AGGRESSIVE;
				GCC_WARN_UNUSED_FUNCTION = YES;
				GCC_WARN_UNUSED_VARIABLE = YES;
				IPHONEOS_DEPLOYMENT_TARGET = 10.2;
				MTL_ENABLE_DEBUG_INFO = NO;
				SDKROOT = iphoneos;
				SWIFT_OPTIMIZATION_LEVEL = "-Owholemodule";
				TARGETED_DEVICE_FAMILY = "1,2";
				VALIDATE_PRODUCT = YES;
			};
			name = Release;
		};
		41A568181E40CB3B00470017 /* Debug */ = {
			isa = XCBuildConfiguration;
			baseConfigurationReference = BDE218EB2213DB9F87485559 /* Pods-RadiumBrowser.debug.xcconfig */;
			buildSettings = {
				ASSETCATALOG_COMPILER_APPICON_NAME = AppIcon;
				INFOPLIST_FILE = RadiumBrowser/Info.plist;
				IPHONEOS_DEPLOYMENT_TARGET = 9.0;
				LD_RUNPATH_SEARCH_PATHS = "$(inherited) @executable_path/Frameworks";
				PRODUCT_BUNDLE_IDENTIFIER = com.slayter.RadiumBrowser;
				PRODUCT_NAME = "$(TARGET_NAME)";
				SWIFT_VERSION = 3.0;
			};
			name = Debug;
		};
		41A568191E40CB3B00470017 /* Release */ = {
			isa = XCBuildConfiguration;
			baseConfigurationReference = 0B353FD7BD9E780C914BBF1B /* Pods-RadiumBrowser.release.xcconfig */;
			buildSettings = {
				ASSETCATALOG_COMPILER_APPICON_NAME = AppIcon;
				INFOPLIST_FILE = RadiumBrowser/Info.plist;
				IPHONEOS_DEPLOYMENT_TARGET = 9.0;
				LD_RUNPATH_SEARCH_PATHS = "$(inherited) @executable_path/Frameworks";
				PRODUCT_BUNDLE_IDENTIFIER = com.slayter.RadiumBrowser;
				PRODUCT_NAME = "$(TARGET_NAME)";
				SWIFT_VERSION = 3.0;
			};
			name = Release;
		};
		41A5681B1E40CB3B00470017 /* Debug */ = {
			isa = XCBuildConfiguration;
			baseConfigurationReference = 13D2A99460A62596A30DA13C /* Pods-RadiumBrowserTests.debug.xcconfig */;
			buildSettings = {
				ALWAYS_EMBED_SWIFT_STANDARD_LIBRARIES = YES;
				BUNDLE_LOADER = "$(TEST_HOST)";
				INFOPLIST_FILE = RadiumBrowserTests/Info.plist;
				LD_RUNPATH_SEARCH_PATHS = "$(inherited) @executable_path/Frameworks @loader_path/Frameworks";
				PRODUCT_BUNDLE_IDENTIFIER = com.slayter.RadiumBrowserTests;
				PRODUCT_NAME = "$(TARGET_NAME)";
				SWIFT_VERSION = 3.0;
				TEST_HOST = "$(BUILT_PRODUCTS_DIR)/RadiumBrowser.app/RadiumBrowser";
			};
			name = Debug;
		};
		41A5681C1E40CB3B00470017 /* Release */ = {
			isa = XCBuildConfiguration;
			baseConfigurationReference = 80BEA28035EFA3995BFC3E99 /* Pods-RadiumBrowserTests.release.xcconfig */;
			buildSettings = {
				ALWAYS_EMBED_SWIFT_STANDARD_LIBRARIES = YES;
				BUNDLE_LOADER = "$(TEST_HOST)";
				INFOPLIST_FILE = RadiumBrowserTests/Info.plist;
				LD_RUNPATH_SEARCH_PATHS = "$(inherited) @executable_path/Frameworks @loader_path/Frameworks";
				PRODUCT_BUNDLE_IDENTIFIER = com.slayter.RadiumBrowserTests;
				PRODUCT_NAME = "$(TARGET_NAME)";
				SWIFT_VERSION = 3.0;
				TEST_HOST = "$(BUILT_PRODUCTS_DIR)/RadiumBrowser.app/RadiumBrowser";
			};
			name = Release;
		};
		41A5681E1E40CB3B00470017 /* Debug */ = {
			isa = XCBuildConfiguration;
			baseConfigurationReference = D92DE2BAD673DF3206841524 /* Pods-RadiumBrowserUITests.debug.xcconfig */;
			buildSettings = {
				ALWAYS_EMBED_SWIFT_STANDARD_LIBRARIES = YES;
				INFOPLIST_FILE = RadiumBrowserUITests/Info.plist;
				LD_RUNPATH_SEARCH_PATHS = "$(inherited) @executable_path/Frameworks @loader_path/Frameworks";
				PRODUCT_BUNDLE_IDENTIFIER = com.slayter.RadiumBrowserUITests;
				PRODUCT_NAME = "$(TARGET_NAME)";
				SWIFT_VERSION = 3.0;
				TEST_TARGET_NAME = RadiumBrowser;
			};
			name = Debug;
		};
		41A5681F1E40CB3B00470017 /* Release */ = {
			isa = XCBuildConfiguration;
			baseConfigurationReference = 1D2F335FDE500B6A311FB334 /* Pods-RadiumBrowserUITests.release.xcconfig */;
			buildSettings = {
				ALWAYS_EMBED_SWIFT_STANDARD_LIBRARIES = YES;
				INFOPLIST_FILE = RadiumBrowserUITests/Info.plist;
				LD_RUNPATH_SEARCH_PATHS = "$(inherited) @executable_path/Frameworks @loader_path/Frameworks";
				PRODUCT_BUNDLE_IDENTIFIER = com.slayter.RadiumBrowserUITests;
				PRODUCT_NAME = "$(TARGET_NAME)";
				SWIFT_VERSION = 3.0;
				TEST_TARGET_NAME = RadiumBrowser;
			};
			name = Release;
		};
/* End XCBuildConfiguration section */

/* Begin XCConfigurationList section */
		41A567EA1E40CB3A00470017 /* Build configuration list for PBXProject "RadiumBrowser" */ = {
			isa = XCConfigurationList;
			buildConfigurations = (
				41A568151E40CB3B00470017 /* Debug */,
				41A568161E40CB3B00470017 /* Release */,
			);
			defaultConfigurationIsVisible = 0;
			defaultConfigurationName = Release;
		};
		41A568171E40CB3B00470017 /* Build configuration list for PBXNativeTarget "RadiumBrowser" */ = {
			isa = XCConfigurationList;
			buildConfigurations = (
				41A568181E40CB3B00470017 /* Debug */,
				41A568191E40CB3B00470017 /* Release */,
			);
			defaultConfigurationIsVisible = 0;
			defaultConfigurationName = Release;
		};
		41A5681A1E40CB3B00470017 /* Build configuration list for PBXNativeTarget "RadiumBrowserTests" */ = {
			isa = XCConfigurationList;
			buildConfigurations = (
				41A5681B1E40CB3B00470017 /* Debug */,
				41A5681C1E40CB3B00470017 /* Release */,
			);
			defaultConfigurationIsVisible = 0;
			defaultConfigurationName = Release;
		};
		41A5681D1E40CB3B00470017 /* Build configuration list for PBXNativeTarget "RadiumBrowserUITests" */ = {
			isa = XCConfigurationList;
			buildConfigurations = (
				41A5681E1E40CB3B00470017 /* Debug */,
				41A5681F1E40CB3B00470017 /* Release */,
			);
			defaultConfigurationIsVisible = 0;
			defaultConfigurationName = Release;
		};
/* End XCConfigurationList section */
	};
	rootObject = 41A567E71E40CB3A00470017 /* Project object */;
}
