// !$*UTF8*$!
{
	archiveVersion = 1;
	classes = {
	};
	objectVersion = 46;
	objects = {

/* Begin PBXBuildFile section */
		023BB5881E42D3E0001498FA /* SharedDropdownMenu.swift in Sources */ = {isa = PBXBuildFile; fileRef = 023BB5871E42D3E0001498FA /* SharedDropdownMenu.swift */; };
		02A5CBE41E41652000269FE6 /* WebContainer.swift in Sources */ = {isa = PBXBuildFile; fileRef = 02A5CBE31E41652000269FE6 /* WebContainer.swift */; };
		02A5CBE61E417F6400269FE6 /* StringExtensions.swift in Sources */ = {isa = PBXBuildFile; fileRef = 02A5CBE51E417F6400269FE6 /* StringExtensions.swift */; };
		02A5CBE81E41820000269FE6 /* UIImageExtensions.swift in Sources */ = {isa = PBXBuildFile; fileRef = 02A5CBE71E41820000269FE6 /* UIImageExtensions.swift */; };
		02CC79A51E440DE6006FD9DE /* ScriptEditorViewController.swift in Sources */ = {isa = PBXBuildFile; fileRef = 02CC79A41E440DE6006FD9DE /* ScriptEditorViewController.swift */; };
		02DF6C531E478FE30088BDEB /* BrowsingSession.swift in Sources */ = {isa = PBXBuildFile; fileRef = 02DF6C521E478FE30088BDEB /* BrowsingSession.swift */; };
		02DF6C551E4795180088BDEB /* Main.storyboard in Resources */ = {isa = PBXBuildFile; fileRef = 02DF6C541E4795180088BDEB /* Main.storyboard */; };
		02DF6C571E47AADA0088BDEB /* MigrationManager.swift in Sources */ = {isa = PBXBuildFile; fileRef = 02DF6C561E47AADA0088BDEB /* MigrationManager.swift */; };
		02DF6C5A1E47C15B0088BDEB /* WebViewManager.swift in Sources */ = {isa = PBXBuildFile; fileRef = 02DF6C591E47C15B0088BDEB /* WebViewManager.swift */; };
		02DF6C5C1E47CAC80088BDEB /* HistoryEntry.swift in Sources */ = {isa = PBXBuildFile; fileRef = 02DF6C5B1E47CAC80088BDEB /* HistoryEntry.swift */; };
		02DF6C5E1E495C4E0088BDEB /* Bookmark.swift in Sources */ = {isa = PBXBuildFile; fileRef = 02DF6C5D1E495C4E0088BDEB /* Bookmark.swift */; };
		02DF6C601E495CFB0088BDEB /* HistoryTableViewController.swift in Sources */ = {isa = PBXBuildFile; fileRef = 02DF6C5F1E495CFB0088BDEB /* HistoryTableViewController.swift */; };
		02DF6C621E4BE83C0088BDEB /* BookmarkCollectionViewController.swift in Sources */ = {isa = PBXBuildFile; fileRef = 02DF6C611E4BE83C0088BDEB /* BookmarkCollectionViewController.swift */; };
		02DF6C641E4BEA820088BDEB /* BookmarkCollectionViewCell.swift in Sources */ = {isa = PBXBuildFile; fileRef = 02DF6C631E4BEA820088BDEB /* BookmarkCollectionViewCell.swift */; };
		4163EDCA1E48E3A600E02E65 /* DoneAccessoryView.swift in Sources */ = {isa = PBXBuildFile; fileRef = 4163EDC91E48E3A600E02E65 /* DoneAccessoryView.swift */; };
		4163EDF51E4BB8F600E02E65 /* BuiltinExtension.swift in Sources */ = {isa = PBXBuildFile; fileRef = 4163EDF41E4BB8F600E02E65 /* BuiltinExtension.swift */; };
		4163EDF81E4BB9D600E02E65 /* Favicons.js in Resources */ = {isa = PBXBuildFile; fileRef = 4163EDF71E4BB9D600E02E65 /* Favicons.js */; };
		4163EDFA1E4BBA1500E02E65 /* FaviconGetter.swift in Sources */ = {isa = PBXBuildFile; fileRef = 4163EDF91E4BBA1500E02E65 /* FaviconGetter.swift */; };
		4163EDFC1E4CA40E00E02E65 /* AddBookmarkTableViewController.swift in Sources */ = {isa = PBXBuildFile; fileRef = 4163EDFB1E4CA40E00E02E65 /* AddBookmarkTableViewController.swift */; };
		4163EDFE1E4CA48600E02E65 /* BookmarkTableViewCell.swift in Sources */ = {isa = PBXBuildFile; fileRef = 4163EDFD1E4CA48600E02E65 /* BookmarkTableViewCell.swift */; };
		41A567F31E40CB3B00470017 /* AppDelegate.swift in Sources */ = {isa = PBXBuildFile; fileRef = 41A567F21E40CB3B00470017 /* AppDelegate.swift */; };
		41A567FA1E40CB3B00470017 /* Assets.xcassets in Resources */ = {isa = PBXBuildFile; fileRef = 41A567F91E40CB3B00470017 /* Assets.xcassets */; };
		41A567FD1E40CB3B00470017 /* LaunchScreen.storyboard in Resources */ = {isa = PBXBuildFile; fileRef = 41A567FB1E40CB3B00470017 /* LaunchScreen.storyboard */; };
		41A568081E40CB3B00470017 /* RadiumBrowserTests.swift in Sources */ = {isa = PBXBuildFile; fileRef = 41A568071E40CB3B00470017 /* RadiumBrowserTests.swift */; };
		41A568131E40CB3B00470017 /* RadiumBrowserUITests.swift in Sources */ = {isa = PBXBuildFile; fileRef = 41A568121E40CB3B00470017 /* RadiumBrowserUITests.swift */; };
		41DBC5EF1E411AE900913FAA /* MainViewController.swift in Sources */ = {isa = PBXBuildFile; fileRef = 41DBC5EE1E411AE900913FAA /* MainViewController.swift */; };
		41DBC5F11E411B8B00913FAA /* AddressBar.swift in Sources */ = {isa = PBXBuildFile; fileRef = 41DBC5F01E411B8B00913FAA /* AddressBar.swift */; };
		41DBC5F31E411C7A00913FAA /* SharedConfig.swift in Sources */ = {isa = PBXBuildFile; fileRef = 41DBC5F21E411C7A00913FAA /* SharedConfig.swift */; };
		41DBC5F51E41204300913FAA /* SharedTextField.swift in Sources */ = {isa = PBXBuildFile; fileRef = 41DBC5F41E41204300913FAA /* SharedTextField.swift */; };
		41DBC5FA1E412C8400913FAA /* TabContainerView.swift in Sources */ = {isa = PBXBuildFile; fileRef = 41DBC5F91E412C8400913FAA /* TabContainerView.swift */; };
		41DBC5FC1E412CA500913FAA /* TabView.swift in Sources */ = {isa = PBXBuildFile; fileRef = 41DBC5FB1E412CA500913FAA /* TabView.swift */; };
		41DBC5FE1E412F0A00913FAA /* UIViewExtensions.swift in Sources */ = {isa = PBXBuildFile; fileRef = 41DBC5FD1E412F0A00913FAA /* UIViewExtensions.swift */; };
		41F8F7531E43CAEC00029B56 /* ExtensionsTableViewController.swift in Sources */ = {isa = PBXBuildFile; fileRef = 41F8F7521E43CAEC00029B56 /* ExtensionsTableViewController.swift */; };
		41F8F7561E43CB4B00029B56 /* ExtensionModel.swift in Sources */ = {isa = PBXBuildFile; fileRef = 41F8F7551E43CB4B00029B56 /* ExtensionModel.swift */; };
		D348888C4000EEE5E21DA85C /* Pods_RadiumBrowser.framework in Frameworks */ = {isa = PBXBuildFile; fileRef = A7223C7ED4906D838E566912 /* Pods_RadiumBrowser.framework */; };
		E605653C1FB0D21600CAEE7D /* NotificationExtensions.swift in Sources */ = {isa = PBXBuildFile; fileRef = E605653B1FB0D21600CAEE7D /* NotificationExtensions.swift */; };
		E60641F31F7BDDFE00100DF1 /* AppReviewScenario.swift in Sources */ = {isa = PBXBuildFile; fileRef = E60641F21F7BDDFE00100DF1 /* AppReviewScenario.swift */; };
		E60D52851FAA293B005AC5D1 /* OrderedSet.swift in Sources */ = {isa = PBXBuildFile; fileRef = E60D52841FAA293B005AC5D1 /* OrderedSet.swift */; };
		E60D52871FAA2CB8005AC5D1 /* AutocompleteTableViewCell.swift in Sources */ = {isa = PBXBuildFile; fileRef = E60D52861FAA2CB8005AC5D1 /* AutocompleteTableViewCell.swift */; };
		E60D528B1FAA4F0B005AC5D1 /* WebServer.swift in Sources */ = {isa = PBXBuildFile; fileRef = E60D528A1FAA4F0B005AC5D1 /* WebServer.swift */; };
		E60D528F1FAB4984005AC5D1 /* SettingsTableViewController.swift in Sources */ = {isa = PBXBuildFile; fileRef = E60D528E1FAB4984005AC5D1 /* SettingsTableViewController.swift */; };
		E612CFC01FAE407300007ACD /* adaway.json in Resources */ = {isa = PBXBuildFile; fileRef = E612CFBF1FAE407300007ACD /* adaway.json */; };
		E612CFC21FAE429200007ACD /* AdBlockManager.swift in Sources */ = {isa = PBXBuildFile; fileRef = E612CFC11FAE429200007ACD /* AdBlockManager.swift */; };
		E635B6D41FAA026F004C27C0 /* topdomains.txt in Resources */ = {isa = PBXBuildFile; fileRef = E635B6D31FAA026F004C27C0 /* topdomains.txt */; };
		E635B6D61FAA02C0004C27C0 /* SuggestionManager.swift in Sources */ = {isa = PBXBuildFile; fileRef = E635B6D51FAA02C0004C27C0 /* SuggestionManager.swift */; };
		E677E0AA1FB2069D00256072 /* TabCountButton.swift in Sources */ = {isa = PBXBuildFile; fileRef = E677E0A91FB2069D00256072 /* TabCountButton.swift */; };
		E69EF2F61FB0F2FB002A7CED /* blackHosts.json in Resources */ = {isa = PBXBuildFile; fileRef = E69EF2F51FB0F2FB002A7CED /* blackHosts.json */; };
/* End PBXBuildFile section */

/* Begin PBXContainerItemProxy section */
		41A568041E40CB3B00470017 /* PBXContainerItemProxy */ = {
			isa = PBXContainerItemProxy;
			containerPortal = 41A567E71E40CB3A00470017 /* Project object */;
			proxyType = 1;
			remoteGlobalIDString = 41A567EE1E40CB3B00470017;
			remoteInfo = RadiumBrowser;
		};
		41A5680F1E40CB3B00470017 /* PBXContainerItemProxy */ = {
			isa = PBXContainerItemProxy;
			containerPortal = 41A567E71E40CB3A00470017 /* Project object */;
			proxyType = 1;
			remoteGlobalIDString = 41A567EE1E40CB3B00470017;
			remoteInfo = RadiumBrowser;
		};
/* End PBXContainerItemProxy section */

/* Begin PBXFileReference section */
		023BB5871E42D3E0001498FA /* SharedDropdownMenu.swift */ = {isa = PBXFileReference; fileEncoding = 4; lastKnownFileType = sourcecode.swift; path = SharedDropdownMenu.swift; sourceTree = "<group>"; };
		02A5CBE31E41652000269FE6 /* WebContainer.swift */ = {isa = PBXFileReference; fileEncoding = 4; lastKnownFileType = sourcecode.swift; path = WebContainer.swift; sourceTree = "<group>"; };
		02A5CBE51E417F6400269FE6 /* StringExtensions.swift */ = {isa = PBXFileReference; fileEncoding = 4; lastKnownFileType = sourcecode.swift; path = StringExtensions.swift; sourceTree = "<group>"; };
		02A5CBE71E41820000269FE6 /* UIImageExtensions.swift */ = {isa = PBXFileReference; fileEncoding = 4; lastKnownFileType = sourcecode.swift; path = UIImageExtensions.swift; sourceTree = "<group>"; };
		02CC79A41E440DE6006FD9DE /* ScriptEditorViewController.swift */ = {isa = PBXFileReference; fileEncoding = 4; lastKnownFileType = sourcecode.swift; path = ScriptEditorViewController.swift; sourceTree = "<group>"; };
		02DF6C521E478FE30088BDEB /* BrowsingSession.swift */ = {isa = PBXFileReference; fileEncoding = 4; lastKnownFileType = sourcecode.swift; path = BrowsingSession.swift; sourceTree = "<group>"; };
		02DF6C541E4795180088BDEB /* Main.storyboard */ = {isa = PBXFileReference; fileEncoding = 4; lastKnownFileType = file.storyboard; path = Main.storyboard; sourceTree = "<group>"; };
		02DF6C561E47AADA0088BDEB /* MigrationManager.swift */ = {isa = PBXFileReference; fileEncoding = 4; lastKnownFileType = sourcecode.swift; path = MigrationManager.swift; sourceTree = "<group>"; };
		02DF6C591E47C15B0088BDEB /* WebViewManager.swift */ = {isa = PBXFileReference; fileEncoding = 4; lastKnownFileType = sourcecode.swift; path = WebViewManager.swift; sourceTree = "<group>"; };
		02DF6C5B1E47CAC80088BDEB /* HistoryEntry.swift */ = {isa = PBXFileReference; fileEncoding = 4; lastKnownFileType = sourcecode.swift; path = HistoryEntry.swift; sourceTree = "<group>"; };
		02DF6C5D1E495C4E0088BDEB /* Bookmark.swift */ = {isa = PBXFileReference; fileEncoding = 4; lastKnownFileType = sourcecode.swift; path = Bookmark.swift; sourceTree = "<group>"; };
		02DF6C5F1E495CFB0088BDEB /* HistoryTableViewController.swift */ = {isa = PBXFileReference; fileEncoding = 4; lastKnownFileType = sourcecode.swift; path = HistoryTableViewController.swift; sourceTree = "<group>"; };
		02DF6C611E4BE83C0088BDEB /* BookmarkCollectionViewController.swift */ = {isa = PBXFileReference; fileEncoding = 4; lastKnownFileType = sourcecode.swift; path = BookmarkCollectionViewController.swift; sourceTree = "<group>"; };
		02DF6C631E4BEA820088BDEB /* BookmarkCollectionViewCell.swift */ = {isa = PBXFileReference; fileEncoding = 4; lastKnownFileType = sourcecode.swift; path = BookmarkCollectionViewCell.swift; sourceTree = "<group>"; };
		4163EDC91E48E3A600E02E65 /* DoneAccessoryView.swift */ = {isa = PBXFileReference; fileEncoding = 4; lastKnownFileType = sourcecode.swift; path = DoneAccessoryView.swift; sourceTree = "<group>"; };
		4163EDF41E4BB8F600E02E65 /* BuiltinExtension.swift */ = {isa = PBXFileReference; fileEncoding = 4; lastKnownFileType = sourcecode.swift; path = BuiltinExtension.swift; sourceTree = "<group>"; };
		4163EDF71E4BB9D600E02E65 /* Favicons.js */ = {isa = PBXFileReference; fileEncoding = 4; lastKnownFileType = sourcecode.javascript; path = Favicons.js; sourceTree = "<group>"; };
		4163EDF91E4BBA1500E02E65 /* FaviconGetter.swift */ = {isa = PBXFileReference; fileEncoding = 4; lastKnownFileType = sourcecode.swift; path = FaviconGetter.swift; sourceTree = "<group>"; };
		4163EDFB1E4CA40E00E02E65 /* AddBookmarkTableViewController.swift */ = {isa = PBXFileReference; fileEncoding = 4; lastKnownFileType = sourcecode.swift; path = AddBookmarkTableViewController.swift; sourceTree = "<group>"; };
		4163EDFD1E4CA48600E02E65 /* BookmarkTableViewCell.swift */ = {isa = PBXFileReference; fileEncoding = 4; lastKnownFileType = sourcecode.swift; path = BookmarkTableViewCell.swift; sourceTree = "<group>"; };
		41A567EF1E40CB3B00470017 /* RadiumBrowser.app */ = {isa = PBXFileReference; explicitFileType = wrapper.application; includeInIndex = 0; path = RadiumBrowser.app; sourceTree = BUILT_PRODUCTS_DIR; };
		41A567F21E40CB3B00470017 /* AppDelegate.swift */ = {isa = PBXFileReference; lastKnownFileType = sourcecode.swift; path = AppDelegate.swift; sourceTree = "<group>"; };
		41A567F91E40CB3B00470017 /* Assets.xcassets */ = {isa = PBXFileReference; lastKnownFileType = folder.assetcatalog; path = Assets.xcassets; sourceTree = "<group>"; };
		41A567FC1E40CB3B00470017 /* Base */ = {isa = PBXFileReference; lastKnownFileType = file.storyboard; name = Base; path = Base.lproj/LaunchScreen.storyboard; sourceTree = "<group>"; };
		41A567FE1E40CB3B00470017 /* Info.plist */ = {isa = PBXFileReference; lastKnownFileType = text.plist.xml; path = Info.plist; sourceTree = "<group>"; };
		41A568031E40CB3B00470017 /* RadiumBrowserTests.xctest */ = {isa = PBXFileReference; explicitFileType = wrapper.cfbundle; includeInIndex = 0; path = RadiumBrowserTests.xctest; sourceTree = BUILT_PRODUCTS_DIR; };
		41A568071E40CB3B00470017 /* RadiumBrowserTests.swift */ = {isa = PBXFileReference; lastKnownFileType = sourcecode.swift; path = RadiumBrowserTests.swift; sourceTree = "<group>"; };
		41A568091E40CB3B00470017 /* Info.plist */ = {isa = PBXFileReference; lastKnownFileType = text.plist.xml; path = Info.plist; sourceTree = "<group>"; };
		41A5680E1E40CB3B00470017 /* RadiumBrowserUITests.xctest */ = {isa = PBXFileReference; explicitFileType = wrapper.cfbundle; includeInIndex = 0; path = RadiumBrowserUITests.xctest; sourceTree = BUILT_PRODUCTS_DIR; };
		41A568121E40CB3B00470017 /* RadiumBrowserUITests.swift */ = {isa = PBXFileReference; lastKnownFileType = sourcecode.swift; path = RadiumBrowserUITests.swift; sourceTree = "<group>"; };
		41A568141E40CB3B00470017 /* Info.plist */ = {isa = PBXFileReference; lastKnownFileType = text.plist.xml; path = Info.plist; sourceTree = "<group>"; };
		41DBC5EE1E411AE900913FAA /* MainViewController.swift */ = {isa = PBXFileReference; fileEncoding = 4; lastKnownFileType = sourcecode.swift; path = MainViewController.swift; sourceTree = "<group>"; };
		41DBC5F01E411B8B00913FAA /* AddressBar.swift */ = {isa = PBXFileReference; fileEncoding = 4; lastKnownFileType = sourcecode.swift; path = AddressBar.swift; sourceTree = "<group>"; };
		41DBC5F21E411C7A00913FAA /* SharedConfig.swift */ = {isa = PBXFileReference; fileEncoding = 4; lastKnownFileType = sourcecode.swift; path = SharedConfig.swift; sourceTree = "<group>"; };
		41DBC5F41E41204300913FAA /* SharedTextField.swift */ = {isa = PBXFileReference; fileEncoding = 4; lastKnownFileType = sourcecode.swift; path = SharedTextField.swift; sourceTree = "<group>"; };
		41DBC5F91E412C8400913FAA /* TabContainerView.swift */ = {isa = PBXFileReference; fileEncoding = 4; lastKnownFileType = sourcecode.swift; path = TabContainerView.swift; sourceTree = "<group>"; };
		41DBC5FB1E412CA500913FAA /* TabView.swift */ = {isa = PBXFileReference; fileEncoding = 4; lastKnownFileType = sourcecode.swift; path = TabView.swift; sourceTree = "<group>"; };
		41DBC5FD1E412F0A00913FAA /* UIViewExtensions.swift */ = {isa = PBXFileReference; fileEncoding = 4; lastKnownFileType = sourcecode.swift; path = UIViewExtensions.swift; sourceTree = "<group>"; };
		41F8F7521E43CAEC00029B56 /* ExtensionsTableViewController.swift */ = {isa = PBXFileReference; fileEncoding = 4; lastKnownFileType = sourcecode.swift; path = ExtensionsTableViewController.swift; sourceTree = "<group>"; };
		41F8F7551E43CB4B00029B56 /* ExtensionModel.swift */ = {isa = PBXFileReference; fileEncoding = 4; lastKnownFileType = sourcecode.swift; path = ExtensionModel.swift; sourceTree = "<group>"; };
		41F8F7571E48C3A400029B56 /* RadiumBrowser-Bridging-Header.h */ = {isa = PBXFileReference; lastKnownFileType = sourcecode.c.h; path = "RadiumBrowser-Bridging-Header.h"; sourceTree = "<group>"; };
		76B7139BBDE14B5054A22890 /* Pods-RadiumBrowser.debug.xcconfig */ = {isa = PBXFileReference; includeInIndex = 1; lastKnownFileType = text.xcconfig; name = "Pods-RadiumBrowser.debug.xcconfig"; path = "Pods/Target Support Files/Pods-RadiumBrowser/Pods-RadiumBrowser.debug.xcconfig"; sourceTree = "<group>"; };
		78F23366915C60BA1ECB7F15 /* Pods-RadiumBrowser.release.xcconfig */ = {isa = PBXFileReference; includeInIndex = 1; lastKnownFileType = text.xcconfig; name = "Pods-RadiumBrowser.release.xcconfig"; path = "Pods/Target Support Files/Pods-RadiumBrowser/Pods-RadiumBrowser.release.xcconfig"; sourceTree = "<group>"; };
		A7223C7ED4906D838E566912 /* Pods_RadiumBrowser.framework */ = {isa = PBXFileReference; explicitFileType = wrapper.framework; includeInIndex = 0; path = Pods_RadiumBrowser.framework; sourceTree = BUILT_PRODUCTS_DIR; };
		D65B6B0A501710052BE8EF87 /* Pods_RadiumBrowserTests.framework */ = {isa = PBXFileReference; explicitFileType = wrapper.framework; includeInIndex = 0; path = Pods_RadiumBrowserTests.framework; sourceTree = BUILT_PRODUCTS_DIR; };
		E605653B1FB0D21600CAEE7D /* NotificationExtensions.swift */ = {isa = PBXFileReference; lastKnownFileType = sourcecode.swift; path = NotificationExtensions.swift; sourceTree = "<group>"; };
		E60641F21F7BDDFE00100DF1 /* AppReviewScenario.swift */ = {isa = PBXFileReference; lastKnownFileType = sourcecode.swift; path = AppReviewScenario.swift; sourceTree = "<group>"; };
		E60D52841FAA293B005AC5D1 /* OrderedSet.swift */ = {isa = PBXFileReference; lastKnownFileType = sourcecode.swift; path = OrderedSet.swift; sourceTree = "<group>"; };
		E60D52861FAA2CB8005AC5D1 /* AutocompleteTableViewCell.swift */ = {isa = PBXFileReference; lastKnownFileType = sourcecode.swift; path = AutocompleteTableViewCell.swift; sourceTree = "<group>"; };
		E60D528A1FAA4F0B005AC5D1 /* WebServer.swift */ = {isa = PBXFileReference; lastKnownFileType = sourcecode.swift; path = WebServer.swift; sourceTree = "<group>"; };
		E60D528E1FAB4984005AC5D1 /* SettingsTableViewController.swift */ = {isa = PBXFileReference; lastKnownFileType = sourcecode.swift; path = SettingsTableViewController.swift; sourceTree = "<group>"; };
		E612CFBF1FAE407300007ACD /* adaway.json */ = {isa = PBXFileReference; fileEncoding = 4; lastKnownFileType = text.json; path = adaway.json; sourceTree = "<group>"; };
		E612CFC11FAE429200007ACD /* AdBlockManager.swift */ = {isa = PBXFileReference; lastKnownFileType = sourcecode.swift; path = AdBlockManager.swift; sourceTree = "<group>"; };
		E635B6D31FAA026F004C27C0 /* topdomains.txt */ = {isa = PBXFileReference; lastKnownFileType = text; path = topdomains.txt; sourceTree = "<group>"; };
		E635B6D51FAA02C0004C27C0 /* SuggestionManager.swift */ = {isa = PBXFileReference; lastKnownFileType = sourcecode.swift; path = SuggestionManager.swift; sourceTree = "<group>"; };
		E677E0A91FB2069D00256072 /* TabCountButton.swift */ = {isa = PBXFileReference; lastKnownFileType = sourcecode.swift; path = TabCountButton.swift; sourceTree = "<group>"; };
		E69EF2F51FB0F2FB002A7CED /* blackHosts.json */ = {isa = PBXFileReference; fileEncoding = 4; lastKnownFileType = text.json; path = blackHosts.json; sourceTree = "<group>"; };
		FB664E8EC27919571578F55A /* Pods_RadiumBrowserUITests.framework */ = {isa = PBXFileReference; explicitFileType = wrapper.framework; includeInIndex = 0; path = Pods_RadiumBrowserUITests.framework; sourceTree = BUILT_PRODUCTS_DIR; };
/* End PBXFileReference section */

/* Begin PBXFrameworksBuildPhase section */
		41A567EC1E40CB3B00470017 /* Frameworks */ = {
			isa = PBXFrameworksBuildPhase;
			buildActionMask = 2147483647;
			files = (
				D348888C4000EEE5E21DA85C /* Pods_RadiumBrowser.framework in Frameworks */,
			);
			runOnlyForDeploymentPostprocessing = 0;
		};
		41A568001E40CB3B00470017 /* Frameworks */ = {
			isa = PBXFrameworksBuildPhase;
			buildActionMask = 2147483647;
			files = (
			);
			runOnlyForDeploymentPostprocessing = 0;
		};
		41A5680B1E40CB3B00470017 /* Frameworks */ = {
			isa = PBXFrameworksBuildPhase;
			buildActionMask = 2147483647;
			files = (
			);
			runOnlyForDeploymentPostprocessing = 0;
		};
/* End PBXFrameworksBuildPhase section */

/* Begin PBXGroup section */
		02DF6C581E47AC270088BDEB /* Singletons */ = {
			isa = PBXGroup;
			children = (
				02DF6C561E47AADA0088BDEB /* MigrationManager.swift */,
				02DF6C591E47C15B0088BDEB /* WebViewManager.swift */,
				E635B6D51FAA02C0004C27C0 /* SuggestionManager.swift */,
				E60D528A1FAA4F0B005AC5D1 /* WebServer.swift */,
				E612CFC11FAE429200007ACD /* AdBlockManager.swift */,
			);
			name = Singletons;
			sourceTree = "<group>";
		};
		4163EDF31E4BB89F00E02E65 /* Builtin Browser Extensions */ = {
			isa = PBXGroup;
			children = (
				4163EDF41E4BB8F600E02E65 /* BuiltinExtension.swift */,
				4163EDF91E4BBA1500E02E65 /* FaviconGetter.swift */,
			);
			name = "Builtin Browser Extensions";
			sourceTree = "<group>";
		};
		4163EDF61E4BB9AD00E02E65 /* Javascript Files */ = {
			isa = PBXGroup;
			children = (
				4163EDF71E4BB9D600E02E65 /* Favicons.js */,
			);
			name = "Javascript Files";
			sourceTree = "<group>";
		};
		41A567E61E40CB3A00470017 = {
			isa = PBXGroup;
			children = (
				41A567F11E40CB3B00470017 /* RadiumBrowser */,
				41A568061E40CB3B00470017 /* RadiumBrowserTests */,
				41A568111E40CB3B00470017 /* RadiumBrowserUITests */,
				41A567F01E40CB3B00470017 /* Products */,
				6A2D351AABC6A418C0055591 /* Pods */,
				689B606C7AFB083A73EEDD10 /* Frameworks */,
			);
			sourceTree = "<group>";
		};
		41A567F01E40CB3B00470017 /* Products */ = {
			isa = PBXGroup;
			children = (
				41A567EF1E40CB3B00470017 /* RadiumBrowser.app */,
				41A568031E40CB3B00470017 /* RadiumBrowserTests.xctest */,
				41A5680E1E40CB3B00470017 /* RadiumBrowserUITests.xctest */,
			);
			name = Products;
			sourceTree = "<group>";
		};
		41A567F11E40CB3B00470017 /* RadiumBrowser */ = {
			isa = PBXGroup;
			children = (
				41A567F91E40CB3B00470017 /* Assets.xcassets */,
				02DF6C541E4795180088BDEB /* Main.storyboard */,
				41A567FB1E40CB3B00470017 /* LaunchScreen.storyboard */,
				41A567FE1E40CB3B00470017 /* Info.plist */,
				41F8F7571E48C3A400029B56 /* RadiumBrowser-Bridging-Header.h */,
				41A567F21E40CB3B00470017 /* AppDelegate.swift */,
				41DBC5F21E411C7A00913FAA /* SharedConfig.swift */,
				E635B6D21FAA0245004C27C0 /* Assets */,
				4163EDF61E4BB9AD00E02E65 /* Javascript Files */,
				41F8F7541E43CB3500029B56 /* Models */,
				4163EDF31E4BB89F00E02E65 /* Builtin Browser Extensions */,
				41DBC5FF1E412F1900913FAA /* Extensions */,
				41DBC5F61E4123C200913FAA /* Controllers */,
				41DBC5F71E4123E900913FAA /* Main Views */,
				41DBC5F81E41241700913FAA /* Shared UI */,
				02DF6C581E47AC270088BDEB /* Singletons */,
			);
			path = RadiumBrowser;
			sourceTree = "<group>";
		};
		41A568061E40CB3B00470017 /* RadiumBrowserTests */ = {
			isa = PBXGroup;
			children = (
				41A568071E40CB3B00470017 /* RadiumBrowserTests.swift */,
				41A568091E40CB3B00470017 /* Info.plist */,
			);
			path = RadiumBrowserTests;
			sourceTree = "<group>";
		};
		41A568111E40CB3B00470017 /* RadiumBrowserUITests */ = {
			isa = PBXGroup;
			children = (
				41A568121E40CB3B00470017 /* RadiumBrowserUITests.swift */,
				41A568141E40CB3B00470017 /* Info.plist */,
			);
			path = RadiumBrowserUITests;
			sourceTree = "<group>";
		};
		41DBC5F61E4123C200913FAA /* Controllers */ = {
			isa = PBXGroup;
			children = (
				41DBC5EE1E411AE900913FAA /* MainViewController.swift */,
				41F8F7521E43CAEC00029B56 /* ExtensionsTableViewController.swift */,
				02CC79A41E440DE6006FD9DE /* ScriptEditorViewController.swift */,
				02DF6C5F1E495CFB0088BDEB /* HistoryTableViewController.swift */,
				02DF6C611E4BE83C0088BDEB /* BookmarkCollectionViewController.swift */,
				4163EDFB1E4CA40E00E02E65 /* AddBookmarkTableViewController.swift */,
				E60D528E1FAB4984005AC5D1 /* SettingsTableViewController.swift */,
			);
			name = Controllers;
			sourceTree = "<group>";
		};
		41DBC5F71E4123E900913FAA /* Main Views */ = {
			isa = PBXGroup;
			children = (
				41DBC5F01E411B8B00913FAA /* AddressBar.swift */,
				41DBC5F91E412C8400913FAA /* TabContainerView.swift */,
				41DBC5FB1E412CA500913FAA /* TabView.swift */,
				02A5CBE31E41652000269FE6 /* WebContainer.swift */,
			);
			name = "Main Views";
			sourceTree = "<group>";
		};
		41DBC5F81E41241700913FAA /* Shared UI */ = {
			isa = PBXGroup;
			children = (
				4163EDC91E48E3A600E02E65 /* DoneAccessoryView.swift */,
				41DBC5F41E41204300913FAA /* SharedTextField.swift */,
				023BB5871E42D3E0001498FA /* SharedDropdownMenu.swift */,
				02DF6C631E4BEA820088BDEB /* BookmarkCollectionViewCell.swift */,
				4163EDFD1E4CA48600E02E65 /* BookmarkTableViewCell.swift */,
				E60D52861FAA2CB8005AC5D1 /* AutocompleteTableViewCell.swift */,
				E677E0A91FB2069D00256072 /* TabCountButton.swift */,
			);
			name = "Shared UI";
			sourceTree = "<group>";
		};
		41DBC5FF1E412F1900913FAA /* Extensions */ = {
			isa = PBXGroup;
			children = (
				41DBC5FD1E412F0A00913FAA /* UIViewExtensions.swift */,
				02A5CBE51E417F6400269FE6 /* StringExtensions.swift */,
				02A5CBE71E41820000269FE6 /* UIImageExtensions.swift */,
				E60D52841FAA293B005AC5D1 /* OrderedSet.swift */,
				E605653B1FB0D21600CAEE7D /* NotificationExtensions.swift */,
			);
			name = Extensions;
			sourceTree = "<group>";
		};
		41F8F7541E43CB3500029B56 /* Models */ = {
			isa = PBXGroup;
			children = (
				41F8F7551E43CB4B00029B56 /* ExtensionModel.swift */,
				02DF6C521E478FE30088BDEB /* BrowsingSession.swift */,
				02DF6C5B1E47CAC80088BDEB /* HistoryEntry.swift */,
				02DF6C5D1E495C4E0088BDEB /* Bookmark.swift */,
				E60641F21F7BDDFE00100DF1 /* AppReviewScenario.swift */,
			);
			name = Models;
			sourceTree = "<group>";
		};
		689B606C7AFB083A73EEDD10 /* Frameworks */ = {
			isa = PBXGroup;
			children = (
				A7223C7ED4906D838E566912 /* Pods_RadiumBrowser.framework */,
				D65B6B0A501710052BE8EF87 /* Pods_RadiumBrowserTests.framework */,
				FB664E8EC27919571578F55A /* Pods_RadiumBrowserUITests.framework */,
			);
			name = Frameworks;
			sourceTree = "<group>";
		};
		6A2D351AABC6A418C0055591 /* Pods */ = {
			isa = PBXGroup;
			children = (
				76B7139BBDE14B5054A22890 /* Pods-RadiumBrowser.debug.xcconfig */,
				78F23366915C60BA1ECB7F15 /* Pods-RadiumBrowser.release.xcconfig */,
			);
			name = Pods;
			sourceTree = "<group>";
		};
		E635B6D21FAA0245004C27C0 /* Assets */ = {
			isa = PBXGroup;
			children = (
				E69EF2F51FB0F2FB002A7CED /* blackHosts.json */,
				E612CFBF1FAE407300007ACD /* adaway.json */,
				E635B6D31FAA026F004C27C0 /* topdomains.txt */,
			);
			name = Assets;
			sourceTree = "<group>";
		};
/* End PBXGroup section */

/* Begin PBXNativeTarget section */
		41A567EE1E40CB3B00470017 /* RadiumBrowser */ = {
			isa = PBXNativeTarget;
			buildConfigurationList = 41A568171E40CB3B00470017 /* Build configuration list for PBXNativeTarget "RadiumBrowser" */;
			buildPhases = (
				954060A6DB807D9D64C61E11 /* [CP] Check Pods Manifest.lock */,
				41A567EB1E40CB3B00470017 /* Sources */,
				41A567EC1E40CB3B00470017 /* Frameworks */,
				41A567ED1E40CB3B00470017 /* Resources */,
				414ED6461E43A4F800ECBBD5 /* ShellScript */,
				98FAF8EA7A76EC5ED8312A05 /* [CP] Embed Pods Frameworks */,
				465C825ED9071CBBCEF7B04D /* [CP] Copy Pods Resources */,
			);
			buildRules = (
			);
			dependencies = (
			);
			name = RadiumBrowser;
			productName = RadiumBrowser;
			productReference = 41A567EF1E40CB3B00470017 /* RadiumBrowser.app */;
			productType = "com.apple.product-type.application";
		};
		41A568021E40CB3B00470017 /* RadiumBrowserTests */ = {
			isa = PBXNativeTarget;
			buildConfigurationList = 41A5681A1E40CB3B00470017 /* Build configuration list for PBXNativeTarget "RadiumBrowserTests" */;
			buildPhases = (
				41A567FF1E40CB3B00470017 /* Sources */,
				41A568001E40CB3B00470017 /* Frameworks */,
				41A568011E40CB3B00470017 /* Resources */,
			);
			buildRules = (
			);
			dependencies = (
				41A568051E40CB3B00470017 /* PBXTargetDependency */,
			);
			name = RadiumBrowserTests;
			productName = RadiumBrowserTests;
			productReference = 41A568031E40CB3B00470017 /* RadiumBrowserTests.xctest */;
			productType = "com.apple.product-type.bundle.unit-test";
		};
		41A5680D1E40CB3B00470017 /* RadiumBrowserUITests */ = {
			isa = PBXNativeTarget;
			buildConfigurationList = 41A5681D1E40CB3B00470017 /* Build configuration list for PBXNativeTarget "RadiumBrowserUITests" */;
			buildPhases = (
				41A5680A1E40CB3B00470017 /* Sources */,
				41A5680B1E40CB3B00470017 /* Frameworks */,
				41A5680C1E40CB3B00470017 /* Resources */,
			);
			buildRules = (
			);
			dependencies = (
				41A568101E40CB3B00470017 /* PBXTargetDependency */,
			);
			name = RadiumBrowserUITests;
			productName = RadiumBrowserUITests;
			productReference = 41A5680E1E40CB3B00470017 /* RadiumBrowserUITests.xctest */;
			productType = "com.apple.product-type.bundle.ui-testing";
		};
/* End PBXNativeTarget section */

/* Begin PBXProject section */
		41A567E71E40CB3A00470017 /* Project object */ = {
			isa = PBXProject;
			attributes = {
				LastSwiftUpdateCheck = 0820;
				LastUpgradeCheck = 0820;
				ORGANIZATIONNAME = bslayter;
				TargetAttributes = {
					41A567EE1E40CB3B00470017 = {
						CreatedOnToolsVersion = 8.2.1;
						DevelopmentTeam = Z67LVNYQSE;
						LastSwiftMigration = 0900;
						ProvisioningStyle = Automatic;
					};
					41A568021E40CB3B00470017 = {
						CreatedOnToolsVersion = 8.2.1;
						DevelopmentTeam = Z67LVNYQSE;
						ProvisioningStyle = Automatic;
						TestTargetID = 41A567EE1E40CB3B00470017;
					};
					41A5680D1E40CB3B00470017 = {
						CreatedOnToolsVersion = 8.2.1;
						ProvisioningStyle = Automatic;
						TestTargetID = 41A567EE1E40CB3B00470017;
					};
				};
			};
			buildConfigurationList = 41A567EA1E40CB3A00470017 /* Build configuration list for PBXProject "RadiumBrowser" */;
			compatibilityVersion = "Xcode 3.2";
			developmentRegion = English;
			hasScannedForEncodings = 0;
			knownRegions = (
				en,
				Base,
			);
			mainGroup = 41A567E61E40CB3A00470017;
			productRefGroup = 41A567F01E40CB3B00470017 /* Products */;
			projectDirPath = "";
			projectRoot = "";
			targets = (
				41A567EE1E40CB3B00470017 /* RadiumBrowser */,
				41A568021E40CB3B00470017 /* RadiumBrowserTests */,
				41A5680D1E40CB3B00470017 /* RadiumBrowserUITests */,
			);
		};
/* End PBXProject section */

/* Begin PBXResourcesBuildPhase section */
		41A567ED1E40CB3B00470017 /* Resources */ = {
			isa = PBXResourcesBuildPhase;
			buildActionMask = 2147483647;
			files = (
				E612CFC01FAE407300007ACD /* adaway.json in Resources */,
				E635B6D41FAA026F004C27C0 /* topdomains.txt in Resources */,
				02DF6C551E4795180088BDEB /* Main.storyboard in Resources */,
				E69EF2F61FB0F2FB002A7CED /* blackHosts.json in Resources */,
				41A567FD1E40CB3B00470017 /* LaunchScreen.storyboard in Resources */,
				41A567FA1E40CB3B00470017 /* Assets.xcassets in Resources */,
				4163EDF81E4BB9D600E02E65 /* Favicons.js in Resources */,
			);
			runOnlyForDeploymentPostprocessing = 0;
		};
		41A568011E40CB3B00470017 /* Resources */ = {
			isa = PBXResourcesBuildPhase;
			buildActionMask = 2147483647;
			files = (
			);
			runOnlyForDeploymentPostprocessing = 0;
		};
		41A5680C1E40CB3B00470017 /* Resources */ = {
			isa = PBXResourcesBuildPhase;
			buildActionMask = 2147483647;
			files = (
			);
			runOnlyForDeploymentPostprocessing = 0;
		};
/* End PBXResourcesBuildPhase section */

/* Begin PBXShellScriptBuildPhase section */
		414ED6461E43A4F800ECBBD5 /* ShellScript */ = {
			isa = PBXShellScriptBuildPhase;
			buildActionMask = 2147483647;
			files = (
			);
			inputPaths = (
			);
			outputPaths = (
			);
			runOnlyForDeploymentPostprocessing = 0;
			shellPath = /bin/sh;
			shellScript = "if which swiftlint >/dev/null; then\n    swiftlint lint --reporter xcode\nfi\n";
		};
		465C825ED9071CBBCEF7B04D /* [CP] Copy Pods Resources */ = {
			isa = PBXShellScriptBuildPhase;
			buildActionMask = 2147483647;
			files = (
			);
			inputPaths = (
			);
			name = "[CP] Copy Pods Resources";
			outputPaths = (
			);
			runOnlyForDeploymentPostprocessing = 0;
			shellPath = /bin/sh;
			shellScript = "\"${SRCROOT}/Pods/Target Support Files/Pods-RadiumBrowser/Pods-RadiumBrowser-resources.sh\"\n";
			showEnvVarsInLog = 0;
		};
		954060A6DB807D9D64C61E11 /* [CP] Check Pods Manifest.lock */ = {
			isa = PBXShellScriptBuildPhase;
			buildActionMask = 2147483647;
			files = (
			);
			inputPaths = (
				"${PODS_PODFILE_DIR_PATH}/Podfile.lock",
				"${PODS_ROOT}/Manifest.lock",
			);
			name = "[CP] Check Pods Manifest.lock";
			outputPaths = (
				"$(DERIVED_FILE_DIR)/Pods-RadiumBrowser-checkManifestLockResult.txt",
			);
			runOnlyForDeploymentPostprocessing = 0;
			shellPath = /bin/sh;
			shellScript = "diff \"${PODS_PODFILE_DIR_PATH}/Podfile.lock\" \"${PODS_ROOT}/Manifest.lock\" > /dev/null\nif [ $? != 0 ] ; then\n    # print error to STDERR\n    echo \"error: The sandbox is not in sync with the Podfile.lock. Run 'pod install' or update your CocoaPods installation.\" >&2\n    exit 1\nfi\n# This output is used by Xcode 'outputs' to avoid re-running this script phase.\necho \"SUCCESS\" > \"${SCRIPT_OUTPUT_FILE_0}\"\n";
			showEnvVarsInLog = 0;
		};
		98FAF8EA7A76EC5ED8312A05 /* [CP] Embed Pods Frameworks */ = {
			isa = PBXShellScriptBuildPhase;
			buildActionMask = 2147483647;
			files = (
			);
			inputPaths = (
				"${SRCROOT}/Pods/Target Support Files/Pods-RadiumBrowser/Pods-RadiumBrowser-frameworks.sh",
				"${BUILT_PRODUCTS_DIR}/BSColorUtils/BSColorUtils.framework",
				"${BUILT_PRODUCTS_DIR}/BulletinBoard/BulletinBoard.framework",
				"${BUILT_PRODUCTS_DIR}/GCDWebServer/GCDWebServer.framework",
				"${BUILT_PRODUCTS_DIR}/Highlightr/Highlightr.framework",
				"${BUILT_PRODUCTS_DIR}/LUAutocompleteView/LUAutocompleteView.framework",
				"${BUILT_PRODUCTS_DIR}/Realm/Realm.framework",
				"${BUILT_PRODUCTS_DIR}/RealmSwift/RealmSwift.framework",
				"${BUILT_PRODUCTS_DIR}/SDWebImage/SDWebImage.framework",
				"${BUILT_PRODUCTS_DIR}/SnapKit/SnapKit.framework",
				"${BUILT_PRODUCTS_DIR}/SwiftKeychainWrapper/SwiftKeychainWrapper.framework",
				"${BUILT_PRODUCTS_DIR}/SwiftyStoreKit/SwiftyStoreKit.framework",
				"${BUILT_PRODUCTS_DIR}/Then/Then.framework",
				"${BUILT_PRODUCTS_DIR}/WaitForIt/WaitForIt.framework",
			);
			name = "[CP] Embed Pods Frameworks";
			outputPaths = (
				"${TARGET_BUILD_DIR}/${FRAMEWORKS_FOLDER_PATH}/BSColorUtils.framework",
				"${TARGET_BUILD_DIR}/${FRAMEWORKS_FOLDER_PATH}/BulletinBoard.framework",
				"${TARGET_BUILD_DIR}/${FRAMEWORKS_FOLDER_PATH}/GCDWebServer.framework",
				"${TARGET_BUILD_DIR}/${FRAMEWORKS_FOLDER_PATH}/Highlightr.framework",
				"${TARGET_BUILD_DIR}/${FRAMEWORKS_FOLDER_PATH}/LUAutocompleteView.framework",
				"${TARGET_BUILD_DIR}/${FRAMEWORKS_FOLDER_PATH}/Realm.framework",
				"${TARGET_BUILD_DIR}/${FRAMEWORKS_FOLDER_PATH}/RealmSwift.framework",
				"${TARGET_BUILD_DIR}/${FRAMEWORKS_FOLDER_PATH}/SDWebImage.framework",
				"${TARGET_BUILD_DIR}/${FRAMEWORKS_FOLDER_PATH}/SnapKit.framework",
				"${TARGET_BUILD_DIR}/${FRAMEWORKS_FOLDER_PATH}/SwiftKeychainWrapper.framework",
				"${TARGET_BUILD_DIR}/${FRAMEWORKS_FOLDER_PATH}/SwiftyStoreKit.framework",
				"${TARGET_BUILD_DIR}/${FRAMEWORKS_FOLDER_PATH}/Then.framework",
				"${TARGET_BUILD_DIR}/${FRAMEWORKS_FOLDER_PATH}/WaitForIt.framework",
			);
			runOnlyForDeploymentPostprocessing = 0;
			shellPath = /bin/sh;
			shellScript = "\"${SRCROOT}/Pods/Target Support Files/Pods-RadiumBrowser/Pods-RadiumBrowser-frameworks.sh\"\n";
			showEnvVarsInLog = 0;
		};
/* End PBXShellScriptBuildPhase section */

/* Begin PBXSourcesBuildPhase section */
		41A567EB1E40CB3B00470017 /* Sources */ = {
			isa = PBXSourcesBuildPhase;
			buildActionMask = 2147483647;
			files = (
				023BB5881E42D3E0001498FA /* SharedDropdownMenu.swift in Sources */,
				41DBC5FA1E412C8400913FAA /* TabContainerView.swift in Sources */,
				02DF6C641E4BEA820088BDEB /* BookmarkCollectionViewCell.swift in Sources */,
				E635B6D61FAA02C0004C27C0 /* SuggestionManager.swift in Sources */,
				02A5CBE81E41820000269FE6 /* UIImageExtensions.swift in Sources */,
				41DBC5F51E41204300913FAA /* SharedTextField.swift in Sources */,
				E60D528F1FAB4984005AC5D1 /* SettingsTableViewController.swift in Sources */,
				E60D52851FAA293B005AC5D1 /* OrderedSet.swift in Sources */,
				02A5CBE61E417F6400269FE6 /* StringExtensions.swift in Sources */,
				02DF6C5E1E495C4E0088BDEB /* Bookmark.swift in Sources */,
				4163EDFC1E4CA40E00E02E65 /* AddBookmarkTableViewController.swift in Sources */,
				41F8F7531E43CAEC00029B56 /* ExtensionsTableViewController.swift in Sources */,
				E60641F31F7BDDFE00100DF1 /* AppReviewScenario.swift in Sources */,
				41DBC5FE1E412F0A00913FAA /* UIViewExtensions.swift in Sources */,
				02DF6C601E495CFB0088BDEB /* HistoryTableViewController.swift in Sources */,
				E677E0AA1FB2069D00256072 /* TabCountButton.swift in Sources */,
				4163EDFE1E4CA48600E02E65 /* BookmarkTableViewCell.swift in Sources */,
				E60D52871FAA2CB8005AC5D1 /* AutocompleteTableViewCell.swift in Sources */,
				02A5CBE41E41652000269FE6 /* WebContainer.swift in Sources */,
				02DF6C5C1E47CAC80088BDEB /* HistoryEntry.swift in Sources */,
				02DF6C621E4BE83C0088BDEB /* BookmarkCollectionViewController.swift in Sources */,
				02CC79A51E440DE6006FD9DE /* ScriptEditorViewController.swift in Sources */,
				41DBC5EF1E411AE900913FAA /* MainViewController.swift in Sources */,
				41DBC5F11E411B8B00913FAA /* AddressBar.swift in Sources */,
				41DBC5FC1E412CA500913FAA /* TabView.swift in Sources */,
				E605653C1FB0D21600CAEE7D /* NotificationExtensions.swift in Sources */,
				4163EDFA1E4BBA1500E02E65 /* FaviconGetter.swift in Sources */,
				02DF6C571E47AADA0088BDEB /* MigrationManager.swift in Sources */,
				02DF6C5A1E47C15B0088BDEB /* WebViewManager.swift in Sources */,
				4163EDCA1E48E3A600E02E65 /* DoneAccessoryView.swift in Sources */,
				E612CFC21FAE429200007ACD /* AdBlockManager.swift in Sources */,
				41F8F7561E43CB4B00029B56 /* ExtensionModel.swift in Sources */,
				41A567F31E40CB3B00470017 /* AppDelegate.swift in Sources */,
				41DBC5F31E411C7A00913FAA /* SharedConfig.swift in Sources */,
				4163EDF51E4BB8F600E02E65 /* BuiltinExtension.swift in Sources */,
				02DF6C531E478FE30088BDEB /* BrowsingSession.swift in Sources */,
				E60D528B1FAA4F0B005AC5D1 /* WebServer.swift in Sources */,
			);
			runOnlyForDeploymentPostprocessing = 0;
		};
		41A567FF1E40CB3B00470017 /* Sources */ = {
			isa = PBXSourcesBuildPhase;
			buildActionMask = 2147483647;
			files = (
				41A568081E40CB3B00470017 /* RadiumBrowserTests.swift in Sources */,
			);
			runOnlyForDeploymentPostprocessing = 0;
		};
		41A5680A1E40CB3B00470017 /* Sources */ = {
			isa = PBXSourcesBuildPhase;
			buildActionMask = 2147483647;
			files = (
				41A568131E40CB3B00470017 /* RadiumBrowserUITests.swift in Sources */,
			);
			runOnlyForDeploymentPostprocessing = 0;
		};
/* End PBXSourcesBuildPhase section */

/* Begin PBXTargetDependency section */
		41A568051E40CB3B00470017 /* PBXTargetDependency */ = {
			isa = PBXTargetDependency;
			target = 41A567EE1E40CB3B00470017 /* RadiumBrowser */;
			targetProxy = 41A568041E40CB3B00470017 /* PBXContainerItemProxy */;
		};
		41A568101E40CB3B00470017 /* PBXTargetDependency */ = {
			isa = PBXTargetDependency;
			target = 41A567EE1E40CB3B00470017 /* RadiumBrowser */;
			targetProxy = 41A5680F1E40CB3B00470017 /* PBXContainerItemProxy */;
		};
/* End PBXTargetDependency section */

/* Begin PBXVariantGroup section */
		41A567FB1E40CB3B00470017 /* LaunchScreen.storyboard */ = {
			isa = PBXVariantGroup;
			children = (
				41A567FC1E40CB3B00470017 /* Base */,
			);
			name = LaunchScreen.storyboard;
			sourceTree = "<group>";
		};
/* End PBXVariantGroup section */

/* Begin XCBuildConfiguration section */
		41A568151E40CB3B00470017 /* Debug */ = {
			isa = XCBuildConfiguration;
			buildSettings = {
				ALWAYS_SEARCH_USER_PATHS = NO;
				CLANG_ANALYZER_NONNULL = YES;
				CLANG_CXX_LANGUAGE_STANDARD = "gnu++0x";
				CLANG_CXX_LIBRARY = "libc++";
				CLANG_ENABLE_MODULES = YES;
				CLANG_ENABLE_OBJC_ARC = YES;
				CLANG_WARN_BOOL_CONVERSION = YES;
				CLANG_WARN_CONSTANT_CONVERSION = YES;
				CLANG_WARN_DIRECT_OBJC_ISA_USAGE = YES_ERROR;
				CLANG_WARN_DOCUMENTATION_COMMENTS = YES;
				CLANG_WARN_EMPTY_BODY = YES;
				CLANG_WARN_ENUM_CONVERSION = YES;
				CLANG_WARN_INFINITE_RECURSION = YES;
				CLANG_WARN_INT_CONVERSION = YES;
				CLANG_WARN_OBJC_ROOT_CLASS = YES_ERROR;
				CLANG_WARN_SUSPICIOUS_MOVE = YES;
				CLANG_WARN_UNREACHABLE_CODE = YES;
				CLANG_WARN__DUPLICATE_METHOD_MATCH = YES;
				"CODE_SIGN_IDENTITY[sdk=iphoneos*]" = "iPhone Developer";
				COPY_PHASE_STRIP = NO;
				DEBUG_INFORMATION_FORMAT = dwarf;
				ENABLE_STRICT_OBJC_MSGSEND = YES;
				ENABLE_TESTABILITY = YES;
				GCC_C_LANGUAGE_STANDARD = gnu99;
				GCC_DYNAMIC_NO_PIC = NO;
				GCC_NO_COMMON_BLOCKS = YES;
				GCC_OPTIMIZATION_LEVEL = 0;
				GCC_PREPROCESSOR_DEFINITIONS = (
					"DEBUG=1",
					"$(inherited)",
				);
				GCC_WARN_64_TO_32_BIT_CONVERSION = YES;
				GCC_WARN_ABOUT_RETURN_TYPE = YES_ERROR;
				GCC_WARN_UNDECLARED_SELECTOR = YES;
				GCC_WARN_UNINITIALIZED_AUTOS = YES_AGGRESSIVE;
				GCC_WARN_UNUSED_FUNCTION = YES;
				GCC_WARN_UNUSED_VARIABLE = YES;
				IPHONEOS_DEPLOYMENT_TARGET = 10.2;
				MTL_ENABLE_DEBUG_INFO = YES;
				ONLY_ACTIVE_ARCH = YES;
				SDKROOT = iphoneos;
				SWIFT_ACTIVE_COMPILATION_CONDITIONS = DEBUG;
				SWIFT_OPTIMIZATION_LEVEL = "-Onone";
				TARGETED_DEVICE_FAMILY = "1,2";
			};
			name = Debug;
		};
		41A568161E40CB3B00470017 /* Release */ = {
			isa = XCBuildConfiguration;
			buildSettings = {
				ALWAYS_SEARCH_USER_PATHS = NO;
				CLANG_ANALYZER_NONNULL = YES;
				CLANG_CXX_LANGUAGE_STANDARD = "gnu++0x";
				CLANG_CXX_LIBRARY = "libc++";
				CLANG_ENABLE_MODULES = YES;
				CLANG_ENABLE_OBJC_ARC = YES;
				CLANG_WARN_BOOL_CONVERSION = YES;
				CLANG_WARN_CONSTANT_CONVERSION = YES;
				CLANG_WARN_DIRECT_OBJC_ISA_USAGE = YES_ERROR;
				CLANG_WARN_DOCUMENTATION_COMMENTS = YES;
				CLANG_WARN_EMPTY_BODY = YES;
				CLANG_WARN_ENUM_CONVERSION = YES;
				CLANG_WARN_INFINITE_RECURSION = YES;
				CLANG_WARN_INT_CONVERSION = YES;
				CLANG_WARN_OBJC_ROOT_CLASS = YES_ERROR;
				CLANG_WARN_SUSPICIOUS_MOVE = YES;
				CLANG_WARN_UNREACHABLE_CODE = YES;
				CLANG_WARN__DUPLICATE_METHOD_MATCH = YES;
				"CODE_SIGN_IDENTITY[sdk=iphoneos*]" = "iPhone Developer";
				COPY_PHASE_STRIP = NO;
				DEBUG_INFORMATION_FORMAT = "dwarf-with-dsym";
				ENABLE_NS_ASSERTIONS = NO;
				ENABLE_STRICT_OBJC_MSGSEND = YES;
				GCC_C_LANGUAGE_STANDARD = gnu99;
				GCC_NO_COMMON_BLOCKS = YES;
				GCC_WARN_64_TO_32_BIT_CONVERSION = YES;
				GCC_WARN_ABOUT_RETURN_TYPE = YES_ERROR;
				GCC_WARN_UNDECLARED_SELECTOR = YES;
				GCC_WARN_UNINITIALIZED_AUTOS = YES_AGGRESSIVE;
				GCC_WARN_UNUSED_FUNCTION = YES;
				GCC_WARN_UNUSED_VARIABLE = YES;
				IPHONEOS_DEPLOYMENT_TARGET = 10.2;
				MTL_ENABLE_DEBUG_INFO = NO;
				SDKROOT = iphoneos;
				SWIFT_OPTIMIZATION_LEVEL = "-Owholemodule";
				TARGETED_DEVICE_FAMILY = "1,2";
				VALIDATE_PRODUCT = YES;
			};
			name = Release;
		};
		41A568181E40CB3B00470017 /* Debug */ = {
			isa = XCBuildConfiguration;
			baseConfigurationReference = 76B7139BBDE14B5054A22890 /* Pods-RadiumBrowser.debug.xcconfig */;
			buildSettings = {
				ASSETCATALOG_COMPILER_APPICON_NAME = AppIcon;
				CLANG_ENABLE_MODULES = YES;
				DEVELOPMENT_TEAM = Z67LVNYQSE;
				INFOPLIST_FILE = RadiumBrowser/Info.plist;
				IPHONEOS_DEPLOYMENT_TARGET = 10.0;
				LD_RUNPATH_SEARCH_PATHS = "$(inherited) @executable_path/Frameworks";
				PRODUCT_BUNDLE_IDENTIFIER = com.SlayterDevelopment.RadiumBrowser;
				PRODUCT_NAME = "$(TARGET_NAME)";
				SWIFT_OBJC_BRIDGING_HEADER = "RadiumBrowser/RadiumBrowser-Bridging-Header.h";
				SWIFT_OPTIMIZATION_LEVEL = "-Onone";
				SWIFT_VERSION = 4.0;
			};
			name = Debug;
		};
		41A568191E40CB3B00470017 /* Release */ = {
			isa = XCBuildConfiguration;
			baseConfigurationReference = 78F23366915C60BA1ECB7F15 /* Pods-RadiumBrowser.release.xcconfig */;
			buildSettings = {
				ASSETCATALOG_COMPILER_APPICON_NAME = AppIcon;
				CLANG_ENABLE_MODULES = YES;
				DEVELOPMENT_TEAM = Z67LVNYQSE;
				INFOPLIST_FILE = RadiumBrowser/Info.plist;
				IPHONEOS_DEPLOYMENT_TARGET = 10.0;
				LD_RUNPATH_SEARCH_PATHS = "$(inherited) @executable_path/Frameworks";
				PRODUCT_BUNDLE_IDENTIFIER = com.SlayterDevelopment.RadiumBrowser;
				PRODUCT_NAME = "$(TARGET_NAME)";
				SWIFT_OBJC_BRIDGING_HEADER = "RadiumBrowser/RadiumBrowser-Bridging-Header.h";
				SWIFT_VERSION = 4.0;
			};
			name = Release;
		};
		41A5681B1E40CB3B00470017 /* Debug */ = {
			isa = XCBuildConfiguration;
			buildSettings = {
				ALWAYS_EMBED_SWIFT_STANDARD_LIBRARIES = YES;
				BUNDLE_LOADER = "$(TEST_HOST)";
				DEVELOPMENT_TEAM = Z67LVNYQSE;
				INFOPLIST_FILE = RadiumBrowserTests/Info.plist;
				IPHONEOS_DEPLOYMENT_TARGET = 10.0;
				LD_RUNPATH_SEARCH_PATHS = "$(inherited) @executable_path/Frameworks @loader_path/Frameworks";
				PRODUCT_BUNDLE_IDENTIFIER = com.slayter.RadiumBrowserTests;
				PRODUCT_NAME = "$(TARGET_NAME)";
				SWIFT_VERSION = 3.0;
				TEST_HOST = "$(BUILT_PRODUCTS_DIR)/RadiumBrowser.app/RadiumBrowser";
			};
			name = Debug;
		};
		41A5681C1E40CB3B00470017 /* Release */ = {
			isa = XCBuildConfiguration;
			buildSettings = {
				ALWAYS_EMBED_SWIFT_STANDARD_LIBRARIES = YES;
				BUNDLE_LOADER = "$(TEST_HOST)";
				DEVELOPMENT_TEAM = Z67LVNYQSE;
				INFOPLIST_FILE = RadiumBrowserTests/Info.plist;
				IPHONEOS_DEPLOYMENT_TARGET = 10.0;
				LD_RUNPATH_SEARCH_PATHS = "$(inherited) @executable_path/Frameworks @loader_path/Frameworks";
				PRODUCT_BUNDLE_IDENTIFIER = com.slayter.RadiumBrowserTests;
				PRODUCT_NAME = "$(TARGET_NAME)";
				SWIFT_VERSION = 3.0;
				TEST_HOST = "$(BUILT_PRODUCTS_DIR)/RadiumBrowser.app/RadiumBrowser";
			};
			name = Release;
		};
		41A5681E1E40CB3B00470017 /* Debug */ = {
			isa = XCBuildConfiguration;
			buildSettings = {
				ALWAYS_EMBED_SWIFT_STANDARD_LIBRARIES = YES;
				INFOPLIST_FILE = RadiumBrowserUITests/Info.plist;
				IPHONEOS_DEPLOYMENT_TARGET = 10.0;
				LD_RUNPATH_SEARCH_PATHS = "$(inherited) @executable_path/Frameworks @loader_path/Frameworks";
				PRODUCT_BUNDLE_IDENTIFIER = com.slayter.RadiumBrowserUITests;
				PRODUCT_NAME = "$(TARGET_NAME)";
				SWIFT_VERSION = 3.0;
				TEST_TARGET_NAME = RadiumBrowser;
			};
			name = Debug;
		};
		41A5681F1E40CB3B00470017 /* Release */ = {
			isa = XCBuildConfiguration;
			buildSettings = {
				ALWAYS_EMBED_SWIFT_STANDARD_LIBRARIES = YES;
				INFOPLIST_FILE = RadiumBrowserUITests/Info.plist;
				IPHONEOS_DEPLOYMENT_TARGET = 10.0;
				LD_RUNPATH_SEARCH_PATHS = "$(inherited) @executable_path/Frameworks @loader_path/Frameworks";
				PRODUCT_BUNDLE_IDENTIFIER = com.slayter.RadiumBrowserUITests;
				PRODUCT_NAME = "$(TARGET_NAME)";
				SWIFT_VERSION = 3.0;
				TEST_TARGET_NAME = RadiumBrowser;
			};
			name = Release;
		};
/* End XCBuildConfiguration section */

/* Begin XCConfigurationList section */
		41A567EA1E40CB3A00470017 /* Build configuration list for PBXProject "RadiumBrowser" */ = {
			isa = XCConfigurationList;
			buildConfigurations = (
				41A568151E40CB3B00470017 /* Debug */,
				41A568161E40CB3B00470017 /* Release */,
			);
			defaultConfigurationIsVisible = 0;
			defaultConfigurationName = Release;
		};
		41A568171E40CB3B00470017 /* Build configuration list for PBXNativeTarget "RadiumBrowser" */ = {
			isa = XCConfigurationList;
			buildConfigurations = (
				41A568181E40CB3B00470017 /* Debug */,
				41A568191E40CB3B00470017 /* Release */,
			);
			defaultConfigurationIsVisible = 0;
			defaultConfigurationName = Release;
		};
		41A5681A1E40CB3B00470017 /* Build configuration list for PBXNativeTarget "RadiumBrowserTests" */ = {
			isa = XCConfigurationList;
			buildConfigurations = (
				41A5681B1E40CB3B00470017 /* Debug */,
				41A5681C1E40CB3B00470017 /* Release */,
			);
			defaultConfigurationIsVisible = 0;
			defaultConfigurationName = Release;
		};
		41A5681D1E40CB3B00470017 /* Build configuration list for PBXNativeTarget "RadiumBrowserUITests" */ = {
			isa = XCConfigurationList;
			buildConfigurations = (
				41A5681E1E40CB3B00470017 /* Debug */,
				41A5681F1E40CB3B00470017 /* Release */,
			);
			defaultConfigurationIsVisible = 0;
			defaultConfigurationName = Release;
		};
/* End XCConfigurationList section */
	};
	rootObject = 41A567E71E40CB3A00470017 /* Project object */;
}
