PODS:
  - Realm (2.4.2):
    - Realm/Headers (= 2.4.2)
  - Realm/Headers (2.4.2)
  - RealmSwift (2.4.2):
    - Realm (= 2.4.2)
  - SnapKit (3.1.2)
  - Then (2.1.0)

DEPENDENCIES:
  - RealmSwift
  - SnapKit
  - Then

SPEC CHECKSUMS:
  Realm: d27b758e12d62a3371879a065d4c40aa212c5a54
  RealmSwift: 9556c0fe0f0cfecacfb755ae9e68ff379fc6bead
  SnapKit: 12b24f569cb7c143acc9c22b9d91b23e7b1c84a2
  Then: 8496793c8fcac95482b943909b440724c7d8d82c

PODFILE CHECKSUM: 8b6128265eab88882283b3f6e7a55ebba390c079

COCOAPODS: 1.2.0
