PODS:
  - BSColorUtils (1.0.3)
  - BulletinBoard (4.1.0)
  - GCDWebServer (3.5.4):
    - GCDWebServer/Core (= 3.5.4)
  - GCDWebServer/Core (3.5.4)
  - Highlightr (2.1.0)
  - LUAutocompleteView (4.0.0)
  - Realm (4.4.1):
    - Realm/Headers (= 4.4.1)
  - Realm/Headers (4.4.1)
  - RealmSwift (4.4.1):
    - Realm (= 4.4.1)
  - SDWebImage (3.8.3):
    - SDWebImage/Core (= 3.8.3)
  - SDWebImage/Core (3.8.3)
  - SnapKit (5.0.1)
  - SwiftKeychainWrapper (3.4.0)
  - SwiftyStoreKit (0.15.0)
  - Then (2.6.0)

DEPENDENCIES:
  - BSColorUtils (from `https://github.com/SlayterDev/BSColorUtils`)
  - BulletinBoard
  - GCDWebServer (~> 3.0)
  - Highlightr (from `https://github.com/raspu/Highlightr.git`)
  - LUAutocompleteView
  - RealmSwift
  - SDWebImage (~> 3.8)
  - SnapKit
  - SwiftKeychainWrapper
  - SwiftyStoreKit
  - Then

SPEC REPOS:
  https://github.com/CocoaPods/Specs.git:
    - BulletinBoard
    - GCDWebServer
    - LUAutocompleteView
    - Realm
    - RealmSwift
    - SDWebImage
    - SnapKit
    - SwiftKeychainWrapper
    - SwiftyStoreKit
    - Then

EXTERNAL SOURCES:
  BSColorUtils:
    :git: https://github.com/SlayterDev/BSColorUtils
  Highlightr:
    :git: https://github.com/raspu/Highlightr.git

CHECKOUT OPTIONS:
  BSColorUtils:
    :commit: a3cb69c6235054333795c7a58ca943a8c48661bc
    :git: https://github.com/SlayterDev/BSColorUtils
  Highlightr:
    :commit: 87465e7ac116a4c8672fa29aae840e9c9e68bedb
    :git: https://github.com/raspu/Highlightr.git

SPEC CHECKSUMS:
  BSColorUtils: 25172e692f3a30152f27ae5108d550b9707ae13d
  BulletinBoard: c774340545b5cfd05a96a89f63b105ecc95c86f9
  GCDWebServer: 2c156a56c8226e2d5c0c3f208a3621ccffbe3ce4
  Highlightr: 683f05d5223cade533a78528a35c9f06e4caddf8
  LUAutocompleteView: 604edbbb358d77c8fff4b86137db76a38eb4beda
  Realm: 4eb04d7487bd43c0581256f40b424eafb711deff
  RealmSwift: 3eb8924ff7100df5928c7602f71d0fec51e7c9c5
  SDWebImage: a72e880a8fe0f7fc31efe15aaed443c074d2a80c
  SnapKit: 97b92857e3df3a0c71833cce143274bf6ef8e5eb
  SwiftKeychainWrapper: 6fc49fbf7d4a6b0772917acb0e53a1639f6078d6
  SwiftyStoreKit: 033d06b6f87955405d3f844a18a7687c2438592a
  Then: 90cd104fd951cec1980a03f57704ad8f784d4d79

PODFILE CHECKSUM: 63f6ba53394a0412f2a046f7dd4a185d81e92837

COCOAPODS: 1.9.1
